// !$*UTF8*$!
{
	archiveVersion = 1;
	classes = {
	};
	objectVersion = 46;
	objects = {

/* Begin PBXBuildFile section */
		621FF1B7175DB40B00709C36 /* CoreGraphics.framework in Frameworks */ = {isa = PBXBuildFile; fileRef = 621FF1B6175DB40B00709C36 /* CoreGraphics.framework */; };
		621FF1B9175DB41200709C36 /* QuartzCore.framework in Frameworks */ = {isa = PBXBuildFile; fileRef = 621FF1B8175DB41200709C36 /* QuartzCore.framework */; };
		621FF1BB175DB48700709C36 /* CoreGraphics.framework in Frameworks */ = {isa = PBXBuildFile; fileRef = 621FF1B6175DB40B00709C36 /* CoreGraphics.framework */; };
		621FF1BC175DB48900709C36 /* QuartzCore.framework in Frameworks */ = {isa = PBXBuildFile; fileRef = 621FF1B8175DB41200709C36 /* QuartzCore.framework */; };
		621FF1CA175DC2A600709C36 /* Localizable.strings in Resources */ = {isa = PBXBuildFile; fileRef = 62735F38175DA731007A7AA4 /* Localizable.strings */; };
		62692EF7176F683E0032485B /* NSCache+Extended.h in Headers */ = {isa = PBXBuildFile; fileRef = 62692EF5176F683E0032485B /* NSCache+Extended.h */; };
		62692EF8176F683E0032485B /* NSCache+Extended.m in Sources */ = {isa = PBXBuildFile; fileRef = 62692EF6176F683E0032485B /* NSCache+Extended.m */; };
		62692EFE176F688F0032485B /* NSUserDefaults+Extended.h in Headers */ = {isa = PBXBuildFile; fileRef = 62692EFC176F688F0032485B /* NSUserDefaults+Extended.h */; };
		62692EFF176F688F0032485B /* NSUserDefaults+Extended.m in Sources */ = {isa = PBXBuildFile; fileRef = 62692EFD176F688F0032485B /* NSUserDefaults+Extended.m */; };
		62735DE2175DA24F007A7AA4 /* Cocoa.framework in Frameworks */ = {isa = PBXBuildFile; fileRef = 62735DE1175DA24F007A7AA4 /* Cocoa.framework */; };
		62735DEC175DA24F007A7AA4 /* InfoPlist.strings in Resources */ = {isa = PBXBuildFile; fileRef = 62735DEA175DA24F007A7AA4 /* InfoPlist.strings */; };
		62735DF8175DA24F007A7AA4 /* SenTestingKit.framework in Frameworks */ = {isa = PBXBuildFile; fileRef = 62735DF7175DA24F007A7AA4 /* SenTestingKit.framework */; };
		62735DF9175DA24F007A7AA4 /* Cocoa.framework in Frameworks */ = {isa = PBXBuildFile; fileRef = 62735DE1175DA24F007A7AA4 /* Cocoa.framework */; };
		62735DFC175DA24F007A7AA4 /* CocoaHelper.framework in Frameworks */ = {isa = PBXBuildFile; fileRef = 62735DDE175DA24F007A7AA4 /* CocoaHelper.framework */; };
		62735E02175DA24F007A7AA4 /* InfoPlist.strings in Resources */ = {isa = PBXBuildFile; fileRef = 62735E00175DA24F007A7AA4 /* InfoPlist.strings */; };
		62735F1A175DA57B007A7AA4 /* NSArray+Extended.h in Headers */ = {isa = PBXBuildFile; fileRef = 62735F07175DA57B007A7AA4 /* NSArray+Extended.h */; };
		62735F1B175DA57B007A7AA4 /* NSArray+Extended.m in Sources */ = {isa = PBXBuildFile; fileRef = 62735F08175DA57B007A7AA4 /* NSArray+Extended.m */; };
		62735F1C175DA57B007A7AA4 /* NSData+Extended.h in Headers */ = {isa = PBXBuildFile; fileRef = 62735F09175DA57B007A7AA4 /* NSData+Extended.h */; };
		62735F1D175DA57B007A7AA4 /* NSData+Extended.m in Sources */ = {isa = PBXBuildFile; fileRef = 62735F0A175DA57B007A7AA4 /* NSData+Extended.m */; };
		62735F1E175DA57B007A7AA4 /* NSDate+Extended.h in Headers */ = {isa = PBXBuildFile; fileRef = 62735F0B175DA57B007A7AA4 /* NSDate+Extended.h */; };
		62735F1F175DA57B007A7AA4 /* NSDate+Extended.m in Sources */ = {isa = PBXBuildFile; fileRef = 62735F0C175DA57B007A7AA4 /* NSDate+Extended.m */; };
		62735F20175DA57B007A7AA4 /* NSDateFormatter+Extended.h in Headers */ = {isa = PBXBuildFile; fileRef = 62735F0D175DA57B007A7AA4 /* NSDateFormatter+Extended.h */; };
		62735F21175DA57B007A7AA4 /* NSDateFormatter+Extended.m in Sources */ = {isa = PBXBuildFile; fileRef = 62735F0E175DA57B007A7AA4 /* NSDateFormatter+Extended.m */; };
		62735F22175DA57B007A7AA4 /* NSDictionary+Extended.h in Headers */ = {isa = PBXBuildFile; fileRef = 62735F0F175DA57B007A7AA4 /* NSDictionary+Extended.h */; };
		62735F23175DA57B007A7AA4 /* NSDictionary+Extended.m in Sources */ = {isa = PBXBuildFile; fileRef = 62735F10175DA57B007A7AA4 /* NSDictionary+Extended.m */; };
		62735F26175DA57B007A7AA4 /* NSObject+Extended.h in Headers */ = {isa = PBXBuildFile; fileRef = 62735F13175DA57B007A7AA4 /* NSObject+Extended.h */; };
		62735F27175DA57B007A7AA4 /* NSObject+Extended.m in Sources */ = {isa = PBXBuildFile; fileRef = 62735F14175DA57B007A7AA4 /* NSObject+Extended.m */; };
		62735F28175DA57B007A7AA4 /* NSSet+Extended.h in Headers */ = {isa = PBXBuildFile; fileRef = 62735F15175DA57B007A7AA4 /* NSSet+Extended.h */; };
		62735F29175DA57B007A7AA4 /* NSSet+Extended.m in Sources */ = {isa = PBXBuildFile; fileRef = 62735F16175DA57B007A7AA4 /* NSSet+Extended.m */; };
		62735F2A175DA57B007A7AA4 /* NSString+Extended.h in Headers */ = {isa = PBXBuildFile; fileRef = 62735F17175DA57B007A7AA4 /* NSString+Extended.h */; };
		62735F2B175DA57B007A7AA4 /* NSString+Extended.m in Sources */ = {isa = PBXBuildFile; fileRef = 62735F18175DA57B007A7AA4 /* NSString+Extended.m */; };
		62735F3A175DA731007A7AA4 /* Localizable.strings in Resources */ = {isa = PBXBuildFile; fileRef = 62735F38175DA731007A7AA4 /* Localizable.strings */; };
		62735F72175DAA6F007A7AA4 /* NSDateFormatterExtendedTests.m in Sources */ = {isa = PBXBuildFile; fileRef = 62735F71175DAA6F007A7AA4 /* NSDateFormatterExtendedTests.m */; };
		62865B46175DCD5200B85BB6 /* CocoaHelper.h in Headers */ = {isa = PBXBuildFile; fileRef = 62865B45175DCD5200B85BB6 /* CocoaHelper.h */; settings = {ATTRIBUTES = (Public, ); }; };
		62DCC6951762E49C00421128 /* CHDebug.h in Headers */ = {isa = PBXBuildFile; fileRef = 62DCC6931762E49C00421128 /* CHDebug.h */; };
		62DCC6961762E49C00421128 /* CHDebug.m in Sources */ = {isa = PBXBuildFile; fileRef = 62DCC6941762E49C00421128 /* CHDebug.m */; };
/* End PBXBuildFile section */

/* Begin PBXContainerItemProxy section */
		62735DFA175DA24F007A7AA4 /* PBXContainerItemProxy */ = {
			isa = PBXContainerItemProxy;
			containerPortal = 62735DD5175DA24F007A7AA4 /* Project object */;
			proxyType = 1;
			remoteGlobalIDString = 62735DDD175DA24F007A7AA4;
			remoteInfo = "CocoaHelper-OSX";
		};
/* End PBXContainerItemProxy section */

/* Begin PBXFileReference section */
		621FF1B6175DB40B00709C36 /* CoreGraphics.framework */ = {isa = PBXFileReference; lastKnownFileType = wrapper.framework; name = CoreGraphics.framework; path = System/Library/Frameworks/CoreGraphics.framework; sourceTree = SDKROOT; };
		621FF1B8175DB41200709C36 /* QuartzCore.framework */ = {isa = PBXFileReference; lastKnownFileType = wrapper.framework; name = QuartzCore.framework; path = System/Library/Frameworks/QuartzCore.framework; sourceTree = SDKROOT; };
		62692EF5176F683E0032485B /* NSCache+Extended.h */ = {isa = PBXFileReference; fileEncoding = 4; lastKnownFileType = sourcecode.c.h; name = "NSCache+Extended.h"; path = "../../CocoaHelper/NSCache+Extended.h"; sourceTree = "<group>"; };
		62692EF6176F683E0032485B /* NSCache+Extended.m */ = {isa = PBXFileReference; fileEncoding = 4; lastKnownFileType = sourcecode.c.objc; name = "NSCache+Extended.m"; path = "../../CocoaHelper/NSCache+Extended.m"; sourceTree = "<group>"; };
		62692EFC176F688F0032485B /* NSUserDefaults+Extended.h */ = {isa = PBXFileReference; fileEncoding = 4; lastKnownFileType = sourcecode.c.h; name = "NSUserDefaults+Extended.h"; path = "../../CocoaHelper/NSUserDefaults+Extended.h"; sourceTree = "<group>"; };
		62692EFD176F688F0032485B /* NSUserDefaults+Extended.m */ = {isa = PBXFileReference; fileEncoding = 4; lastKnownFileType = sourcecode.c.objc; name = "NSUserDefaults+Extended.m"; path = "../../CocoaHelper/NSUserDefaults+Extended.m"; sourceTree = "<group>"; };
		62735DDE175DA24F007A7AA4 /* CocoaHelper.framework */ = {isa = PBXFileReference; explicitFileType = wrapper.framework; includeInIndex = 0; path = CocoaHelper.framework; sourceTree = BUILT_PRODUCTS_DIR; };
		62735DE1175DA24F007A7AA4 /* Cocoa.framework */ = {isa = PBXFileReference; lastKnownFileType = wrapper.framework; name = Cocoa.framework; path = System/Library/Frameworks/Cocoa.framework; sourceTree = SDKROOT; };
		62735DE4175DA24F007A7AA4 /* AppKit.framework */ = {isa = PBXFileReference; lastKnownFileType = wrapper.framework; name = AppKit.framework; path = System/Library/Frameworks/AppKit.framework; sourceTree = SDKROOT; };
		62735DE5175DA24F007A7AA4 /* CoreData.framework */ = {isa = PBXFileReference; lastKnownFileType = wrapper.framework; name = CoreData.framework; path = System/Library/Frameworks/CoreData.framework; sourceTree = SDKROOT; };
		62735DE6175DA24F007A7AA4 /* Foundation.framework */ = {isa = PBXFileReference; lastKnownFileType = wrapper.framework; name = Foundation.framework; path = System/Library/Frameworks/Foundation.framework; sourceTree = SDKROOT; };
		62735DE9175DA24F007A7AA4 /* CocoaHelper-OSX-Info.plist */ = {isa = PBXFileReference; lastKnownFileType = text.plist.xml; path = "CocoaHelper-OSX-Info.plist"; sourceTree = "<group>"; };
		62735DEB175DA24F007A7AA4 /* en */ = {isa = PBXFileReference; lastKnownFileType = text.plist.strings; name = en; path = en.lproj/InfoPlist.strings; sourceTree = "<group>"; };
		62735DED175DA24F007A7AA4 /* CocoaHelper-OSX-Prefix.pch */ = {isa = PBXFileReference; lastKnownFileType = sourcecode.c.h; path = "CocoaHelper-OSX-Prefix.pch"; sourceTree = "<group>"; };
		62735DF6175DA24F007A7AA4 /* CocoaHelper-OSXTests.octest */ = {isa = PBXFileReference; explicitFileType = wrapper.cfbundle; includeInIndex = 0; path = "CocoaHelper-OSXTests.octest"; sourceTree = BUILT_PRODUCTS_DIR; };
		62735DF7175DA24F007A7AA4 /* SenTestingKit.framework */ = {isa = PBXFileReference; lastKnownFileType = wrapper.framework; name = SenTestingKit.framework; path = Library/Frameworks/SenTestingKit.framework; sourceTree = DEVELOPER_DIR; };
		62735DFF175DA24F007A7AA4 /* CocoaHelper-OSXTests-Info.plist */ = {isa = PBXFileReference; lastKnownFileType = text.plist.xml; path = "CocoaHelper-OSXTests-Info.plist"; sourceTree = "<group>"; };
		62735E01175DA24F007A7AA4 /* en */ = {isa = PBXFileReference; lastKnownFileType = text.plist.strings; name = en; path = en.lproj/InfoPlist.strings; sourceTree = "<group>"; };
		62735F07175DA57B007A7AA4 /* NSArray+Extended.h */ = {isa = PBXFileReference; fileEncoding = 4; lastKnownFileType = sourcecode.c.h; name = "NSArray+Extended.h"; path = "../../CocoaHelper/NSArray+Extended.h"; sourceTree = "<group>"; };
		62735F08175DA57B007A7AA4 /* NSArray+Extended.m */ = {isa = PBXFileReference; fileEncoding = 4; lastKnownFileType = sourcecode.c.objc; name = "NSArray+Extended.m"; path = "../../CocoaHelper/NSArray+Extended.m"; sourceTree = "<group>"; };
		62735F09175DA57B007A7AA4 /* NSData+Extended.h */ = {isa = PBXFileReference; fileEncoding = 4; lastKnownFileType = sourcecode.c.h; name = "NSData+Extended.h"; path = "../../CocoaHelper/NSData+Extended.h"; sourceTree = "<group>"; };
		62735F0A175DA57B007A7AA4 /* NSData+Extended.m */ = {isa = PBXFileReference; fileEncoding = 4; lastKnownFileType = sourcecode.c.objc; name = "NSData+Extended.m"; path = "../../CocoaHelper/NSData+Extended.m"; sourceTree = "<group>"; };
		62735F0B175DA57B007A7AA4 /* NSDate+Extended.h */ = {isa = PBXFileReference; fileEncoding = 4; lastKnownFileType = sourcecode.c.h; name = "NSDate+Extended.h"; path = "../../CocoaHelper/NSDate+Extended.h"; sourceTree = "<group>"; };
		62735F0C175DA57B007A7AA4 /* NSDate+Extended.m */ = {isa = PBXFileReference; fileEncoding = 4; lastKnownFileType = sourcecode.c.objc; name = "NSDate+Extended.m"; path = "../../CocoaHelper/NSDate+Extended.m"; sourceTree = "<group>"; };
		62735F0D175DA57B007A7AA4 /* NSDateFormatter+Extended.h */ = {isa = PBXFileReference; fileEncoding = 4; lastKnownFileType = sourcecode.c.h; name = "NSDateFormatter+Extended.h"; path = "../../CocoaHelper/NSDateFormatter+Extended.h"; sourceTree = "<group>"; };
		62735F0E175DA57B007A7AA4 /* NSDateFormatter+Extended.m */ = {isa = PBXFileReference; fileEncoding = 4; lastKnownFileType = sourcecode.c.objc; name = "NSDateFormatter+Extended.m"; path = "../../CocoaHelper/NSDateFormatter+Extended.m"; sourceTree = "<group>"; };
		62735F0F175DA57B007A7AA4 /* NSDictionary+Extended.h */ = {isa = PBXFileReference; fileEncoding = 4; lastKnownFileType = sourcecode.c.h; name = "NSDictionary+Extended.h"; path = "../../CocoaHelper/NSDictionary+Extended.h"; sourceTree = "<group>"; };
		62735F10175DA57B007A7AA4 /* NSDictionary+Extended.m */ = {isa = PBXFileReference; fileEncoding = 4; lastKnownFileType = sourcecode.c.objc; name = "NSDictionary+Extended.m"; path = "../../CocoaHelper/NSDictionary+Extended.m"; sourceTree = "<group>"; };
		62735F13175DA57B007A7AA4 /* NSObject+Extended.h */ = {isa = PBXFileReference; fileEncoding = 4; lastKnownFileType = sourcecode.c.h; name = "NSObject+Extended.h"; path = "../../CocoaHelper/NSObject+Extended.h"; sourceTree = "<group>"; };
		62735F14175DA57B007A7AA4 /* NSObject+Extended.m */ = {isa = PBXFileReference; fileEncoding = 4; lastKnownFileType = sourcecode.c.objc; name = "NSObject+Extended.m"; path = "../../CocoaHelper/NSObject+Extended.m"; sourceTree = "<group>"; };
		62735F15175DA57B007A7AA4 /* NSSet+Extended.h */ = {isa = PBXFileReference; fileEncoding = 4; lastKnownFileType = sourcecode.c.h; name = "NSSet+Extended.h"; path = "../../CocoaHelper/NSSet+Extended.h"; sourceTree = "<group>"; };
		62735F16175DA57B007A7AA4 /* NSSet+Extended.m */ = {isa = PBXFileReference; fileEncoding = 4; lastKnownFileType = sourcecode.c.objc; name = "NSSet+Extended.m"; path = "../../CocoaHelper/NSSet+Extended.m"; sourceTree = "<group>"; };
		62735F17175DA57B007A7AA4 /* NSString+Extended.h */ = {isa = PBXFileReference; fileEncoding = 4; lastKnownFileType = sourcecode.c.h; name = "NSString+Extended.h"; path = "../../CocoaHelper/NSString+Extended.h"; sourceTree = "<group>"; };
		62735F18175DA57B007A7AA4 /* NSString+Extended.m */ = {isa = PBXFileReference; fileEncoding = 4; lastKnownFileType = sourcecode.c.objc; name = "NSString+Extended.m"; path = "../../CocoaHelper/NSString+Extended.m"; sourceTree = "<group>"; };
		62735F36175DA725007A7AA4 /* de */ = {isa = PBXFileReference; lastKnownFileType = text.plist.strings; name = de; path = de.lproj/InfoPlist.strings; sourceTree = "<group>"; };
		62735F37175DA725007A7AA4 /* de */ = {isa = PBXFileReference; lastKnownFileType = text.plist.strings; name = de; path = de.lproj/InfoPlist.strings; sourceTree = "<group>"; };
		62735F39175DA731007A7AA4 /* en */ = {isa = PBXFileReference; lastKnownFileType = text.plist.strings; name = en; path = ../../CocoaHelper/en.lproj/Localizable.strings; sourceTree = "<group>"; };
		62735F3B175DA73A007A7AA4 /* de */ = {isa = PBXFileReference; lastKnownFileType = text.plist.strings; name = de; path = ../../CocoaHelper/de.lproj/Localizable.strings; sourceTree = "<group>"; };
		62735F70175DAA6F007A7AA4 /* NSDateFormatterExtendedTests.h */ = {isa = PBXFileReference; fileEncoding = 4; lastKnownFileType = sourcecode.c.h; name = NSDateFormatterExtendedTests.h; path = ../../CocoaHelperTests/NSDateFormatterExtendedTests.h; sourceTree = "<group>"; };
		62735F71175DAA6F007A7AA4 /* NSDateFormatterExtendedTests.m */ = {isa = PBXFileReference; fileEncoding = 4; lastKnownFileType = sourcecode.c.objc; name = NSDateFormatterExtendedTests.m; path = ../../CocoaHelperTests/NSDateFormatterExtendedTests.m; sourceTree = "<group>"; };
		62865B45175DCD5200B85BB6 /* CocoaHelper.h */ = {isa = PBXFileReference; fileEncoding = 4; lastKnownFileType = sourcecode.c.h; path = CocoaHelper.h; sourceTree = "<group>"; };
		62DCC6931762E49C00421128 /* CHDebug.h */ = {isa = PBXFileReference; fileEncoding = 4; lastKnownFileType = sourcecode.c.h; name = CHDebug.h; path = ../../CocoaHelper/CHDebug.h; sourceTree = "<group>"; };
		62DCC6941762E49C00421128 /* CHDebug.m */ = {isa = PBXFileReference; fileEncoding = 4; lastKnownFileType = sourcecode.c.objc; name = CHDebug.m; path = ../../CocoaHelper/CHDebug.m; sourceTree = "<group>"; };
		62DCC6991762E60800421128 /* LICENSE.markdown */ = {isa = PBXFileReference; lastKnownFileType = text; name = LICENSE.markdown; path = ../../LICENSE.markdown; sourceTree = "<group>"; };
		62DCC69A1762E60800421128 /* README.markdown */ = {isa = PBXFileReference; lastKnownFileType = text; name = README.markdown; path = ../../README.markdown; sourceTree = "<group>"; };
/* End PBXFileReference section */

/* Begin PBXFrameworksBuildPhase section */
		62735DDA175DA24F007A7AA4 /* Frameworks */ = {
			isa = PBXFrameworksBuildPhase;
			buildActionMask = 2147483647;
			files = (
				62735DE2175DA24F007A7AA4 /* Cocoa.framework in Frameworks */,
				621FF1B7175DB40B00709C36 /* CoreGraphics.framework in Frameworks */,
				621FF1B9175DB41200709C36 /* QuartzCore.framework in Frameworks */,
			);
			runOnlyForDeploymentPostprocessing = 0;
		};
		62735DF2175DA24F007A7AA4 /* Frameworks */ = {
			isa = PBXFrameworksBuildPhase;
			buildActionMask = 2147483647;
			files = (
				62735DF9175DA24F007A7AA4 /* Cocoa.framework in Frameworks */,
				62735DFC175DA24F007A7AA4 /* CocoaHelper.framework in Frameworks */,
				621FF1BB175DB48700709C36 /* CoreGraphics.framework in Frameworks */,
				62735DF8175DA24F007A7AA4 /* SenTestingKit.framework in Frameworks */,
				621FF1BC175DB48900709C36 /* QuartzCore.framework in Frameworks */,
			);
			runOnlyForDeploymentPostprocessing = 0;
		};
/* End PBXFrameworksBuildPhase section */

/* Begin PBXGroup section */
		62735DD4175DA24F007A7AA4 = {
			isa = PBXGroup;
			children = (
				62735DE7175DA24F007A7AA4 /* CocoaHelper-OSX */,
				62735DFD175DA24F007A7AA4 /* CocoaHelper-OSXTests */,
				62735DE0175DA24F007A7AA4 /* Frameworks */,
				62735DDF175DA24F007A7AA4 /* Products */,
			);
			sourceTree = "<group>";
		};
		62735DDF175DA24F007A7AA4 /* Products */ = {
			isa = PBXGroup;
			children = (
				62735DDE175DA24F007A7AA4 /* CocoaHelper.framework */,
				62735DF6175DA24F007A7AA4 /* CocoaHelper-OSXTests.octest */,
			);
			name = Products;
			sourceTree = "<group>";
		};
		62735DE0175DA24F007A7AA4 /* Frameworks */ = {
			isa = PBXGroup;
			children = (
				621FF1B6175DB40B00709C36 /* CoreGraphics.framework */,
				62735DE1175DA24F007A7AA4 /* Cocoa.framework */,
				621FF1B8175DB41200709C36 /* QuartzCore.framework */,
				62735DF7175DA24F007A7AA4 /* SenTestingKit.framework */,
				62735DE3175DA24F007A7AA4 /* Other Frameworks */,
			);
			name = Frameworks;
			sourceTree = "<group>";
		};
		62735DE3175DA24F007A7AA4 /* Other Frameworks */ = {
			isa = PBXGroup;
			children = (
				62735DE4175DA24F007A7AA4 /* AppKit.framework */,
				62735DE5175DA24F007A7AA4 /* CoreData.framework */,
				62735DE6175DA24F007A7AA4 /* Foundation.framework */,
			);
			name = "Other Frameworks";
			sourceTree = "<group>";
		};
		62735DE7175DA24F007A7AA4 /* CocoaHelper-OSX */ = {
			isa = PBXGroup;
			children = (
				62865B48175DCDFF00B85BB6 /* Classes */,
				62735F2D175DA65F007A7AA4 /* Resources */,
				62735DE8175DA24F007A7AA4 /* Supporting Files */,
			);
			path = "CocoaHelper-OSX";
			sourceTree = "<group>";
		};
		62735DE8175DA24F007A7AA4 /* Supporting Files */ = {
			isa = PBXGroup;
			children = (
				62735DE9175DA24F007A7AA4 /* CocoaHelper-OSX-Info.plist */,
				62735DED175DA24F007A7AA4 /* CocoaHelper-OSX-Prefix.pch */,
				62735DEA175DA24F007A7AA4 /* InfoPlist.strings */,
			);
			name = "Supporting Files";
			sourceTree = "<group>";
		};
		62735DFD175DA24F007A7AA4 /* CocoaHelper-OSXTests */ = {
			isa = PBXGroup;
			children = (
				62735F73175DAA76007A7AA4 /* Tests */,
				62735DFE175DA24F007A7AA4 /* Supporting Files */,
			);
			path = "CocoaHelper-OSXTests";
			sourceTree = "<group>";
		};
		62735DFE175DA24F007A7AA4 /* Supporting Files */ = {
			isa = PBXGroup;
			children = (
				62735DFF175DA24F007A7AA4 /* CocoaHelper-OSXTests-Info.plist */,
				62735E00175DA24F007A7AA4 /* InfoPlist.strings */,
			);
			name = "Supporting Files";
			sourceTree = "<group>";
		};
		62735F2C175DA583007A7AA4 /* Foundation */ = {
			isa = PBXGroup;
			children = (
				62735F07175DA57B007A7AA4 /* NSArray+Extended.h */,
				62735F08175DA57B007A7AA4 /* NSArray+Extended.m */,
				62692EF5176F683E0032485B /* NSCache+Extended.h */,
				62692EF6176F683E0032485B /* NSCache+Extended.m */,
				62735F09175DA57B007A7AA4 /* NSData+Extended.h */,
				62735F0A175DA57B007A7AA4 /* NSData+Extended.m */,
				62735F0B175DA57B007A7AA4 /* NSDate+Extended.h */,
				62735F0C175DA57B007A7AA4 /* NSDate+Extended.m */,
				62735F0D175DA57B007A7AA4 /* NSDateFormatter+Extended.h */,
				62735F0E175DA57B007A7AA4 /* NSDateFormatter+Extended.m */,
				62735F0F175DA57B007A7AA4 /* NSDictionary+Extended.h */,
				62735F10175DA57B007A7AA4 /* NSDictionary+Extended.m */,
				62735F13175DA57B007A7AA4 /* NSObject+Extended.h */,
				62735F14175DA57B007A7AA4 /* NSObject+Extended.m */,
				62735F15175DA57B007A7AA4 /* NSSet+Extended.h */,
				62735F16175DA57B007A7AA4 /* NSSet+Extended.m */,
				62735F17175DA57B007A7AA4 /* NSString+Extended.h */,
				62735F18175DA57B007A7AA4 /* NSString+Extended.m */,
				62692EFC176F688F0032485B /* NSUserDefaults+Extended.h */,
				62692EFD176F688F0032485B /* NSUserDefaults+Extended.m */,
			);
			name = Foundation;
			sourceTree = "<group>";
		};
		62735F2D175DA65F007A7AA4 /* Resources */ = {
			isa = PBXGroup;
			children = (
				62735F38175DA731007A7AA4 /* Localizable.strings */,
				62DCC6991762E60800421128 /* LICENSE.markdown */,
				62DCC69A1762E60800421128 /* README.markdown */,
			);
			name = Resources;
			sourceTree = "<group>";
		};
		62735F73175DAA76007A7AA4 /* Tests */ = {
			isa = PBXGroup;
			children = (
				62735F70175DAA6F007A7AA4 /* NSDateFormatterExtendedTests.h */,
				62735F71175DAA6F007A7AA4 /* NSDateFormatterExtendedTests.m */,
			);
			name = Tests;
			sourceTree = "<group>";
		};
		62735FAC175DAE46007A7AA4 /* Utilities */ = {
			isa = PBXGroup;
			children = (
				62DCC6931762E49C00421128 /* CHDebug.h */,
				62DCC6941762E49C00421128 /* CHDebug.m */,
			);
			name = Utilities;
			sourceTree = "<group>";
		};
		62865B48175DCDFF00B85BB6 /* Classes */ = {
			isa = PBXGroup;
			children = (
				62735F2C175DA583007A7AA4 /* Foundation */,
				62735FAC175DAE46007A7AA4 /* Utilities */,
				62865B45175DCD5200B85BB6 /* CocoaHelper.h */,
			);
			name = Classes;
			sourceTree = "<group>";
		};
/* End PBXGroup section */

/* Begin PBXHeadersBuildPhase section */
		62735DDB175DA24F007A7AA4 /* Headers */ = {
			isa = PBXHeadersBuildPhase;
			buildActionMask = 2147483647;
			files = (
				62865B46175DCD5200B85BB6 /* CocoaHelper.h in Headers */,
				62DCC6951762E49C00421128 /* CHDebug.h in Headers */,
				62735F1A175DA57B007A7AA4 /* NSArray+Extended.h in Headers */,
				62692EF7176F683E0032485B /* NSCache+Extended.h in Headers */,
				62735F1C175DA57B007A7AA4 /* NSData+Extended.h in Headers */,
				62735F1E175DA57B007A7AA4 /* NSDate+Extended.h in Headers */,
				62735F20175DA57B007A7AA4 /* NSDateFormatter+Extended.h in Headers */,
				62735F22175DA57B007A7AA4 /* NSDictionary+Extended.h in Headers */,
				62735F26175DA57B007A7AA4 /* NSObject+Extended.h in Headers */,
				62735F28175DA57B007A7AA4 /* NSSet+Extended.h in Headers */,
				62735F2A175DA57B007A7AA4 /* NSString+Extended.h in Headers */,
				62692EFE176F688F0032485B /* NSUserDefaults+Extended.h in Headers */,
			);
			runOnlyForDeploymentPostprocessing = 0;
		};
/* End PBXHeadersBuildPhase section */

/* Begin PBXNativeTarget section */
		62735DDD175DA24F007A7AA4 /* CocoaHelper-OSX */ = {
			isa = PBXNativeTarget;
			buildConfigurationList = 62735E08175DA24F007A7AA4 /* Build configuration list for PBXNativeTarget "CocoaHelper-OSX" */;
			buildPhases = (
				62735DD9175DA24F007A7AA4 /* Sources */,
				62735DDA175DA24F007A7AA4 /* Frameworks */,
				62735DDB175DA24F007A7AA4 /* Headers */,
				62735DDC175DA24F007A7AA4 /* Resources */,
			);
			buildRules = (
			);
			dependencies = (
			);
			name = "CocoaHelper-OSX";
			productName = "CocoaHelper-OSX";
			productReference = 62735DDE175DA24F007A7AA4 /* CocoaHelper.framework */;
			productType = "com.apple.product-type.framework";
		};
		62735DF5175DA24F007A7AA4 /* CocoaHelper-OSXTests */ = {
			isa = PBXNativeTarget;
			buildConfigurationList = 62735E0B175DA24F007A7AA4 /* Build configuration list for PBXNativeTarget "CocoaHelper-OSXTests" */;
			buildPhases = (
				62735DF1175DA24F007A7AA4 /* Sources */,
				62735DF2175DA24F007A7AA4 /* Frameworks */,
				62735DF3175DA24F007A7AA4 /* Resources */,
				62735DF4175DA24F007A7AA4 /* ShellScript */,
			);
			buildRules = (
			);
			dependencies = (
				62735DFB175DA24F007A7AA4 /* PBXTargetDependency */,
			);
			name = "CocoaHelper-OSXTests";
			productName = "CocoaHelper-OSXTests";
			productReference = 62735DF6175DA24F007A7AA4 /* CocoaHelper-OSXTests.octest */;
			productType = "com.apple.product-type.bundle";
		};
/* End PBXNativeTarget section */

/* Begin PBXProject section */
		62735DD5175DA24F007A7AA4 /* Project object */ = {
			isa = PBXProject;
			attributes = {
				LastUpgradeCheck = 0460;
				ORGANIZATIONNAME = "Michael Reneer";
			};
			buildConfigurationList = 62735DD8175DA24F007A7AA4 /* Build configuration list for PBXProject "CocoaHelper-OSX" */;
			compatibilityVersion = "Xcode 3.2";
			developmentRegion = English;
			hasScannedForEncodings = 0;
			knownRegions = (
				en,
				de,
			);
			mainGroup = 62735DD4175DA24F007A7AA4;
			productRefGroup = 62735DDF175DA24F007A7AA4 /* Products */;
			projectDirPath = "";
			projectRoot = "";
			targets = (
				62735DDD175DA24F007A7AA4 /* CocoaHelper-OSX */,
				62735DF5175DA24F007A7AA4 /* CocoaHelper-OSXTests */,
			);
		};
/* End PBXProject section */

/* Begin PBXResourcesBuildPhase section */
		62735DDC175DA24F007A7AA4 /* Resources */ = {
			isa = PBXResourcesBuildPhase;
			buildActionMask = 2147483647;
			files = (
				62735DEC175DA24F007A7AA4 /* InfoPlist.strings in Resources */,
				62735F3A175DA731007A7AA4 /* Localizable.strings in Resources */,
			);
			runOnlyForDeploymentPostprocessing = 0;
		};
		62735DF3175DA24F007A7AA4 /* Resources */ = {
			isa = PBXResourcesBuildPhase;
			buildActionMask = 2147483647;
			files = (
				62735E02175DA24F007A7AA4 /* InfoPlist.strings in Resources */,
				621FF1CA175DC2A600709C36 /* Localizable.strings in Resources */,
			);
			runOnlyForDeploymentPostprocessing = 0;
		};
/* End PBXResourcesBuildPhase section */

/* Begin PBXShellScriptBuildPhase section */
		62735DF4175DA24F007A7AA4 /* ShellScript */ = {
			isa = PBXShellScriptBuildPhase;
			buildActionMask = 2147483647;
			files = (
			);
			inputPaths = (
			);
			outputPaths = (
			);
			runOnlyForDeploymentPostprocessing = 0;
			shellPath = /bin/sh;
			shellScript = "# Run the unit tests in this test bundle.\n\"${SYSTEM_DEVELOPER_DIR}/Tools/RunUnitTests\"\n";
		};
/* End PBXShellScriptBuildPhase section */

/* Begin PBXSourcesBuildPhase section */
		62735DD9175DA24F007A7AA4 /* Sources */ = {
			isa = PBXSourcesBuildPhase;
			buildActionMask = 2147483647;
			files = (
				62DCC6961762E49C00421128 /* CHDebug.m in Sources */,
				62735F1B175DA57B007A7AA4 /* NSArray+Extended.m in Sources */,
				62692EF8176F683E0032485B /* NSCache+Extended.m in Sources */,
				62735F1D175DA57B007A7AA4 /* NSData+Extended.m in Sources */,
				62735F1F175DA57B007A7AA4 /* NSDate+Extended.m in Sources */,
				62735F21175DA57B007A7AA4 /* NSDateFormatter+Extended.m in Sources */,
				62735F23175DA57B007A7AA4 /* NSDictionary+Extended.m in Sources */,
				62735F27175DA57B007A7AA4 /* NSObject+Extended.m in Sources */,
				62735F29175DA57B007A7AA4 /* NSSet+Extended.m in Sources */,
				62735F2B175DA57B007A7AA4 /* NSString+Extended.m in Sources */,
				62692EFF176F688F0032485B /* NSUserDefaults+Extended.m in Sources */,
			);
			runOnlyForDeploymentPostprocessing = 0;
		};
		62735DF1175DA24F007A7AA4 /* Sources */ = {
			isa = PBXSourcesBuildPhase;
			buildActionMask = 2147483647;
			files = (
				62735F72175DAA6F007A7AA4 /* NSDateFormatterExtendedTests.m in Sources */,
			);
			runOnlyForDeploymentPostprocessing = 0;
		};
/* End PBXSourcesBuildPhase section */

/* Begin PBXTargetDependency section */
		62735DFB175DA24F007A7AA4 /* PBXTargetDependency */ = {
			isa = PBXTargetDependency;
			target = 62735DDD175DA24F007A7AA4 /* CocoaHelper-OSX */;
			targetProxy = 62735DFA175DA24F007A7AA4 /* PBXContainerItemProxy */;
		};
/* End PBXTargetDependency section */

/* Begin PBXVariantGroup section */
		62735DEA175DA24F007A7AA4 /* InfoPlist.strings */ = {
			isa = PBXVariantGroup;
			children = (
				62735DEB175DA24F007A7AA4 /* en */,
				62735F36175DA725007A7AA4 /* de */,
			);
			name = InfoPlist.strings;
			sourceTree = "<group>";
		};
		62735E00175DA24F007A7AA4 /* InfoPlist.strings */ = {
			isa = PBXVariantGroup;
			children = (
				62735E01175DA24F007A7AA4 /* en */,
				62735F37175DA725007A7AA4 /* de */,
			);
			name = InfoPlist.strings;
			sourceTree = "<group>";
		};
		62735F38175DA731007A7AA4 /* Localizable.strings */ = {
			isa = PBXVariantGroup;
			children = (
				62735F39175DA731007A7AA4 /* en */,
				62735F3B175DA73A007A7AA4 /* de */,
			);
			name = Localizable.strings;
			sourceTree = "<group>";
		};
/* End PBXVariantGroup section */

/* Begin XCBuildConfiguration section */
		62735E06175DA24F007A7AA4 /* Debug */ = {
			isa = XCBuildConfiguration;
			buildSettings = {
				ALWAYS_SEARCH_USER_PATHS = NO;
				ARCHS = "$(ARCHS_STANDARD_64_BIT)";
				CLANG_CXX_LANGUAGE_STANDARD = "gnu++0x";
				CLANG_CXX_LIBRARY = "libc++";
				CLANG_ENABLE_OBJC_ARC = YES;
				CLANG_WARN_CONSTANT_CONVERSION = YES;
				CLANG_WARN_EMPTY_BODY = YES;
				CLANG_WARN_ENUM_CONVERSION = YES;
				CLANG_WARN_INT_CONVERSION = YES;
				CLANG_WARN__DUPLICATE_METHOD_MATCH = YES;
				COPY_PHASE_STRIP = NO;
				GCC_C_LANGUAGE_STANDARD = gnu99;
				GCC_DYNAMIC_NO_PIC = NO;
				GCC_ENABLE_OBJC_EXCEPTIONS = YES;
				GCC_OPTIMIZATION_LEVEL = 0;
				GCC_PREPROCESSOR_DEFINITIONS = (
					"DEBUG=1",
					"$(inherited)",
				);
				GCC_SYMBOLS_PRIVATE_EXTERN = NO;
				GCC_WARN_64_TO_32_BIT_CONVERSION = YES;
				GCC_WARN_ABOUT_RETURN_TYPE = YES;
				GCC_WARN_UNINITIALIZED_AUTOS = YES;
				GCC_WARN_UNUSED_VARIABLE = YES;
				MACOSX_DEPLOYMENT_TARGET = 10.8;
				ONLY_ACTIVE_ARCH = YES;
				SDKROOT = macosx;
			};
			name = Debug;
		};
		62735E07175DA24F007A7AA4 /* Release */ = {
			isa = XCBuildConfiguration;
			buildSettings = {
				ALWAYS_SEARCH_USER_PATHS = NO;
				ARCHS = "$(ARCHS_STANDARD_64_BIT)";
				CLANG_CXX_LANGUAGE_STANDARD = "gnu++0x";
				CLANG_CXX_LIBRARY = "libc++";
				CLANG_ENABLE_OBJC_ARC = YES;
				CLANG_WARN_CONSTANT_CONVERSION = YES;
				CLANG_WARN_EMPTY_BODY = YES;
				CLANG_WARN_ENUM_CONVERSION = YES;
				CLANG_WARN_INT_CONVERSION = YES;
				CLANG_WARN__DUPLICATE_METHOD_MATCH = YES;
				COPY_PHASE_STRIP = YES;
				DEBUG_INFORMATION_FORMAT = "dwarf-with-dsym";
				GCC_C_LANGUAGE_STANDARD = gnu99;
				GCC_ENABLE_OBJC_EXCEPTIONS = YES;
				GCC_WARN_64_TO_32_BIT_CONVERSION = YES;
				GCC_WARN_ABOUT_RETURN_TYPE = YES;
				GCC_WARN_UNINITIALIZED_AUTOS = YES;
				GCC_WARN_UNUSED_VARIABLE = YES;
				MACOSX_DEPLOYMENT_TARGET = 10.8;
				SDKROOT = macosx;
			};
			name = Release;
		};
		62735E09175DA24F007A7AA4 /* Debug */ = {
			isa = XCBuildConfiguration;
			buildSettings = {
				COMBINE_HIDPI_IMAGES = YES;
				DYLIB_COMPATIBILITY_VERSION = 1;
				DYLIB_CURRENT_VERSION = 1;
				FRAMEWORK_VERSION = A;
				GCC_PRECOMPILE_PREFIX_HEADER = YES;
				GCC_PREFIX_HEADER = "CocoaHelper-OSX/CocoaHelper-OSX-Prefix.pch";
				INFOPLIST_FILE = "CocoaHelper-OSX/CocoaHelper-OSX-Info.plist";
				PRODUCT_NAME = CocoaHelper;
				WRAPPER_EXTENSION = framework;
			};
			name = Debug;
		};
		62735E0A175DA24F007A7AA4 /* Release */ = {
			isa = XCBuildConfiguration;
			buildSettings = {
				COMBINE_HIDPI_IMAGES = YES;
				DYLIB_COMPATIBILITY_VERSION = 1;
				DYLIB_CURRENT_VERSION = 1;
				FRAMEWORK_VERSION = A;
				GCC_PRECOMPILE_PREFIX_HEADER = YES;
				GCC_PREFIX_HEADER = "CocoaHelper-OSX/CocoaHelper-OSX-Prefix.pch";
				INFOPLIST_FILE = "CocoaHelper-OSX/CocoaHelper-OSX-Info.plist";
				PRODUCT_NAME = CocoaHelper;
				WRAPPER_EXTENSION = framework;
			};
			name = Release;
		};
		62735E0C175DA24F007A7AA4 /* Debug */ = {
			isa = XCBuildConfiguration;
			buildSettings = {
				COMBINE_HIDPI_IMAGES = YES;
				FRAMEWORK_SEARCH_PATHS = "\"$(DEVELOPER_LIBRARY_DIR)/Frameworks\"";
				GCC_PRECOMPILE_PREFIX_HEADER = YES;
				GCC_PREFIX_HEADER = "CocoaHelper-OSX/CocoaHelper-OSX-Prefix.pch";
				INFOPLIST_FILE = "CocoaHelper-OSXTests/CocoaHelper-OSXTests-Info.plist";
				PRODUCT_NAME = "$(TARGET_NAME)";
				WRAPPER_EXTENSION = octest;
			};
			name = Debug;
		};
		62735E0D175DA24F007A7AA4 /* Release */ = {
			isa = XCBuildConfiguration;
			buildSettings = {
				COMBINE_HIDPI_IMAGES = YES;
				FRAMEWORK_SEARCH_PATHS = "\"$(DEVELOPER_LIBRARY_DIR)/Frameworks\"";
				GCC_PRECOMPILE_PREFIX_HEADER = YES;
				GCC_PREFIX_HEADER = "CocoaHelper-OSX/CocoaHelper-OSX-Prefix.pch";
				INFOPLIST_FILE = "CocoaHelper-OSXTests/CocoaHelper-OSXTests-Info.plist";
				PRODUCT_NAME = "$(TARGET_NAME)";
				WRAPPER_EXTENSION = octest;
			};
			name = Release;
		};
/* End XCBuildConfiguration section */

/* Begin XCConfigurationList section */
		62735DD8175DA24F007A7AA4 /* Build configuration list for PBXProject "CocoaHelper-OSX" */ = {
			isa = XCConfigurationList;
			buildConfigurations = (
				62735E06175DA24F007A7AA4 /* Debug */,
				62735E07175DA24F007A7AA4 /* Release */,
			);
			defaultConfigurationIsVisible = 0;
			defaultConfigurationName = Release;
		};
		62735E08175DA24F007A7AA4 /* Build configuration list for PBXNativeTarget "CocoaHelper-OSX" */ = {
			isa = XCConfigurationList;
			buildConfigurations = (
				62735E09175DA24F007A7AA4 /* Debug */,
				62735E0A175DA24F007A7AA4 /* Release */,
			);
			defaultConfigurationIsVisible = 0;
			defaultConfigurationName = Release;
		};
		62735E0B175DA24F007A7AA4 /* Build configuration list for PBXNativeTarget "CocoaHelper-OSXTests" */ = {
			isa = XCConfigurationList;
			buildConfigurations = (
				62735E0C175DA24F007A7AA4 /* Debug */,
				62735E0D175DA24F007A7AA4 /* Release */,
			);
			defaultConfigurationIsVisible = 0;
			defaultConfigurationName = Release;
		};
/* End XCConfigurationList section */
	};
	rootObject = 62735DD5175DA24F007A7AA4 /* Project object */;
}
