// !$*UTF8*$!
{
	archiveVersion = 1;
	classes = {
	};
	objectVersion = 46;
	objects = {

/* Begin PBXBuildFile section */
		620E7A7117EE5D94000A60DD /* UIImage+Extended.h in CopyFiles */ = {isa = PBXBuildFile; fileRef = 620B40D317EE561F00D26637 /* UIImage+Extended.h */; };
		620E7A7217EE5D94000A60DD /* UIScreen+Extended.h in CopyFiles */ = {isa = PBXBuildFile; fileRef = 620B40D517EE561F00D26637 /* UIScreen+Extended.h */; };
		620E7A7317EE5D94000A60DD /* UIScrollView+Extended.h in CopyFiles */ = {isa = PBXBuildFile; fileRef = 620B40D717EE561F00D26637 /* UIScrollView+Extended.h */; };
		620E7A7417EE5D94000A60DD /* UITableView+Extended.h in CopyFiles */ = {isa = PBXBuildFile; fileRef = 620B40D917EE561F00D26637 /* UITableView+Extended.h */; };
		620E7A7517EE5D94000A60DD /* UIView+Extended.h in CopyFiles */ = {isa = PBXBuildFile; fileRef = 620B40DB17EE561F00D26637 /* UIView+Extended.h */; };
		620E7A7617EE5D94000A60DD /* UIViewController+Extended.h in CopyFiles */ = {isa = PBXBuildFile; fileRef = 620B40DD17EE561F00D26637 /* UIViewController+Extended.h */; };
		620E7A7E17EE5E19000A60DD /* CoreGraphics.framework in Frameworks */ = {isa = PBXBuildFile; fileRef = 620E7A7D17EE5E19000A60DD /* CoreGraphics.framework */; };
		62421EE017EE518000676DA7 /* XCTest.framework in Frameworks */ = {isa = PBXBuildFile; fileRef = 62421E3B17EE500A00676DA7 /* XCTest.framework */; };
		62421EE517EE518000676DA7 /* libCocoaHelper.a in Frameworks */ = {isa = PBXBuildFile; fileRef = 62421ED217EE518000676DA7 /* libCocoaHelper.a */; };
		62421EFA17EE519900676DA7 /* Cocoa.framework in Frameworks */ = {isa = PBXBuildFile; fileRef = 62421E5717EE503400676DA7 /* Cocoa.framework */; };
		62421F0A17EE519900676DA7 /* XCTest.framework in Frameworks */ = {isa = PBXBuildFile; fileRef = 62421E3B17EE500A00676DA7 /* XCTest.framework */; };
		62421F0B17EE519900676DA7 /* Cocoa.framework in Frameworks */ = {isa = PBXBuildFile; fileRef = 62421E5717EE503400676DA7 /* Cocoa.framework */; };
		62421F0E17EE519900676DA7 /* CocoaHelper.framework in Frameworks */ = {isa = PBXBuildFile; fileRef = 62421EF917EE519900676DA7 /* CocoaHelper.framework */; };
		627731B917EE5E3E00EAD0C3 /* QuartzCore.framework in Frameworks */ = {isa = PBXBuildFile; fileRef = 627731B817EE5E3E00EAD0C3 /* QuartzCore.framework */; };
		6286FFD917EED0BD00EAC67F /* CHDebug.h in CopyFiles */ = {isa = PBXBuildFile; fileRef = 620B40B817EE561F00D26637 /* CHDebug.h */; };
		62996BAB17EEC19100820692 /* InfoPlist.strings in Resources */ = {isa = PBXBuildFile; fileRef = 620B40EA17EE580E00D26637 /* InfoPlist.strings */; };
		62996BAC17EEC19200820692 /* InfoPlist.strings in Resources */ = {isa = PBXBuildFile; fileRef = 620B40EA17EE580E00D26637 /* InfoPlist.strings */; };
		62996BAD17EEC19E00820692 /* InfoPlist.strings in Resources */ = {isa = PBXBuildFile; fileRef = 6205AA9317EEBE7500AEE4C5 /* InfoPlist.strings */; };
		62B2287417EE5956007C452E /* Localizable.strings in Resources */ = {isa = PBXBuildFile; fileRef = 620B40B317EE55DB00D26637 /* Localizable.strings */; };
		62B2287617EE59DE007C452E /* NSArray+Extended.h in Headers */ = {isa = PBXBuildFile; fileRef = 620B40BD17EE561F00D26637 /* NSArray+Extended.h */; };
		62B2287717EE59DE007C452E /* NSCache+Extended.h in Headers */ = {isa = PBXBuildFile; fileRef = 620B40BF17EE561F00D26637 /* NSCache+Extended.h */; };
		62B2287817EE59DE007C452E /* NSData+Extended.h in Headers */ = {isa = PBXBuildFile; fileRef = 620B40C117EE561F00D26637 /* NSData+Extended.h */; };
		62B2287917EE59DE007C452E /* NSDate+Extended.h in Headers */ = {isa = PBXBuildFile; fileRef = 620B40C317EE561F00D26637 /* NSDate+Extended.h */; };
		62B2287A17EE59DE007C452E /* NSDateFormatter+Extended.h in Headers */ = {isa = PBXBuildFile; fileRef = 620B40C517EE561F00D26637 /* NSDateFormatter+Extended.h */; };
		62B2287B17EE59DE007C452E /* NSDictionary+Extended.h in Headers */ = {isa = PBXBuildFile; fileRef = 620B40C717EE561F00D26637 /* NSDictionary+Extended.h */; };
		62B2287C17EE59DE007C452E /* NSObject+Extended.h in Headers */ = {isa = PBXBuildFile; fileRef = 620B40C917EE561F00D26637 /* NSObject+Extended.h */; };
		62B2287D17EE59DE007C452E /* NSSet+Extended.h in Headers */ = {isa = PBXBuildFile; fileRef = 620B40CB17EE561F00D26637 /* NSSet+Extended.h */; };
		62B2287E17EE59DE007C452E /* NSString+Extended.h in Headers */ = {isa = PBXBuildFile; fileRef = 620B40CD17EE561F00D26637 /* NSString+Extended.h */; };
		62B2287F17EE59DE007C452E /* NSUserDefaults+Extended.h in Headers */ = {isa = PBXBuildFile; fileRef = 620B40CF17EE561F00D26637 /* NSUserDefaults+Extended.h */; };
		62B2288717EE59DE007C452E /* CHDebug.h in Headers */ = {isa = PBXBuildFile; fileRef = 620B40B817EE561F00D26637 /* CHDebug.h */; };
		62B2288A17EE5A05007C452E /* NSArray+Extended.m in Sources */ = {isa = PBXBuildFile; fileRef = 620B40BE17EE561F00D26637 /* NSArray+Extended.m */; };
		62B2288B17EE5A05007C452E /* NSCache+Extended.m in Sources */ = {isa = PBXBuildFile; fileRef = 620B40C017EE561F00D26637 /* NSCache+Extended.m */; };
		62B2288C17EE5A05007C452E /* NSData+Extended.m in Sources */ = {isa = PBXBuildFile; fileRef = 620B40C217EE561F00D26637 /* NSData+Extended.m */; };
		62B2288D17EE5A05007C452E /* NSDate+Extended.m in Sources */ = {isa = PBXBuildFile; fileRef = 620B40C417EE561F00D26637 /* NSDate+Extended.m */; };
		62B2288E17EE5A05007C452E /* NSDateFormatter+Extended.m in Sources */ = {isa = PBXBuildFile; fileRef = 620B40C617EE561F00D26637 /* NSDateFormatter+Extended.m */; };
		62B2288F17EE5A05007C452E /* NSDictionary+Extended.m in Sources */ = {isa = PBXBuildFile; fileRef = 620B40C817EE561F00D26637 /* NSDictionary+Extended.m */; };
		62B2289017EE5A05007C452E /* NSObject+Extended.m in Sources */ = {isa = PBXBuildFile; fileRef = 620B40CA17EE561F00D26637 /* NSObject+Extended.m */; };
		62B2289117EE5A05007C452E /* NSSet+Extended.m in Sources */ = {isa = PBXBuildFile; fileRef = 620B40CC17EE561F00D26637 /* NSSet+Extended.m */; };
		62B2289217EE5A05007C452E /* NSString+Extended.m in Sources */ = {isa = PBXBuildFile; fileRef = 620B40CE17EE561F00D26637 /* NSString+Extended.m */; };
		62B2289317EE5A05007C452E /* NSUserDefaults+Extended.m in Sources */ = {isa = PBXBuildFile; fileRef = 620B40D017EE561F00D26637 /* NSUserDefaults+Extended.m */; };
		62B2289B17EE5A05007C452E /* CHDebug.m in Sources */ = {isa = PBXBuildFile; fileRef = 620B40B917EE561F00D26637 /* CHDebug.m */; };
		62B2289D17EE5A06007C452E /* NSArray+Extended.m in Sources */ = {isa = PBXBuildFile; fileRef = 620B40BE17EE561F00D26637 /* NSArray+Extended.m */; };
		62B2289E17EE5A06007C452E /* NSCache+Extended.m in Sources */ = {isa = PBXBuildFile; fileRef = 620B40C017EE561F00D26637 /* NSCache+Extended.m */; };
		62B2289F17EE5A06007C452E /* NSData+Extended.m in Sources */ = {isa = PBXBuildFile; fileRef = 620B40C217EE561F00D26637 /* NSData+Extended.m */; };
		62B228A017EE5A06007C452E /* NSDate+Extended.m in Sources */ = {isa = PBXBuildFile; fileRef = 620B40C417EE561F00D26637 /* NSDate+Extended.m */; };
		62B228A117EE5A06007C452E /* NSDateFormatter+Extended.m in Sources */ = {isa = PBXBuildFile; fileRef = 620B40C617EE561F00D26637 /* NSDateFormatter+Extended.m */; };
		62B228A217EE5A06007C452E /* NSDictionary+Extended.m in Sources */ = {isa = PBXBuildFile; fileRef = 620B40C817EE561F00D26637 /* NSDictionary+Extended.m */; };
		62B228A317EE5A06007C452E /* NSObject+Extended.m in Sources */ = {isa = PBXBuildFile; fileRef = 620B40CA17EE561F00D26637 /* NSObject+Extended.m */; };
		62B228A417EE5A06007C452E /* NSSet+Extended.m in Sources */ = {isa = PBXBuildFile; fileRef = 620B40CC17EE561F00D26637 /* NSSet+Extended.m */; };
		62B228A517EE5A06007C452E /* NSString+Extended.m in Sources */ = {isa = PBXBuildFile; fileRef = 620B40CE17EE561F00D26637 /* NSString+Extended.m */; };
		62B228A617EE5A06007C452E /* NSUserDefaults+Extended.m in Sources */ = {isa = PBXBuildFile; fileRef = 620B40D017EE561F00D26637 /* NSUserDefaults+Extended.m */; };
		62B228A717EE5A06007C452E /* UICollectionView+Extended.m in Sources */ = {isa = PBXBuildFile; fileRef = 620B40D217EE561F00D26637 /* UICollectionView+Extended.m */; };
		62B228A817EE5A06007C452E /* UIImage+Extended.m in Sources */ = {isa = PBXBuildFile; fileRef = 620B40D417EE561F00D26637 /* UIImage+Extended.m */; };
		62B228A917EE5A06007C452E /* UIScreen+Extended.m in Sources */ = {isa = PBXBuildFile; fileRef = 620B40D617EE561F00D26637 /* UIScreen+Extended.m */; };
		62B228AA17EE5A06007C452E /* UIScrollView+Extended.m in Sources */ = {isa = PBXBuildFile; fileRef = 620B40D817EE561F00D26637 /* UIScrollView+Extended.m */; };
		62B228AB17EE5A06007C452E /* UITableView+Extended.m in Sources */ = {isa = PBXBuildFile; fileRef = 620B40DA17EE561F00D26637 /* UITableView+Extended.m */; };
		62B228AC17EE5A06007C452E /* UIView+Extended.m in Sources */ = {isa = PBXBuildFile; fileRef = 620B40DC17EE561F00D26637 /* UIView+Extended.m */; };
		62B228AD17EE5A06007C452E /* UIViewController+Extended.m in Sources */ = {isa = PBXBuildFile; fileRef = 620B40DE17EE561F00D26637 /* UIViewController+Extended.m */; };
		62B228AE17EE5A06007C452E /* CHDebug.m in Sources */ = {isa = PBXBuildFile; fileRef = 620B40B917EE561F00D26637 /* CHDebug.m */; };
		62B228AF17EE5A06007C452E /* UIColor+Extended.m in Sources */ = {isa = PBXBuildFile; fileRef = 620B40B717EE561F00D26637 /* UIColor+Extended.m */; };
		62B228B317EE5A46007C452E /* Foundation.framework in Frameworks */ = {isa = PBXBuildFile; fileRef = 62B228B217EE5A46007C452E /* Foundation.framework */; };
		62B228B717EE5A59007C452E /* UIKit.framework in Frameworks */ = {isa = PBXBuildFile; fileRef = 62B228B617EE5A59007C452E /* UIKit.framework */; };
		62DF93C417EE5EF100DD9EE1 /* NSDateFormatterExtendedTests.m in Sources */ = {isa = PBXBuildFile; fileRef = 62B2287317EE584C007C452E /* NSDateFormatterExtendedTests.m */; };
		62DF93C517EE5F0A00DD9EE1 /* NSDateFormatterExtendedTests.m in Sources */ = {isa = PBXBuildFile; fileRef = 62B2287317EE584C007C452E /* NSDateFormatterExtendedTests.m */; };
		62DF93C617EE5FBC00DD9EE1 /* CoreGraphics.framework in Frameworks */ = {isa = PBXBuildFile; fileRef = 620E7A7D17EE5E19000A60DD /* CoreGraphics.framework */; };
		62DF93C717EE5FC100DD9EE1 /* QuartzCore.framework in Frameworks */ = {isa = PBXBuildFile; fileRef = 627731B817EE5E3E00EAD0C3 /* QuartzCore.framework */; };
		62DF93C817EE5FDC00DD9EE1 /* Foundation.framework in Frameworks */ = {isa = PBXBuildFile; fileRef = 62B228B217EE5A46007C452E /* Foundation.framework */; };
		62DF93CC17EE7DA800DD9EE1 /* CocoaHelper.h in Headers */ = {isa = PBXBuildFile; fileRef = 620B40BC17EE561F00D26637 /* CocoaHelper.h */; settings = {ATTRIBUTES = (Public, ); }; };
		62DF946A17EE976100DD9EE1 /* UIColor+Extended.h in CopyFiles */ = {isa = PBXBuildFile; fileRef = 620B40B617EE561F00D26637 /* UIColor+Extended.h */; };
		62DF946B17EE976500DD9EE1 /* UICollectionView+Extended.h in CopyFiles */ = {isa = PBXBuildFile; fileRef = 620B40D117EE561F00D26637 /* UICollectionView+Extended.h */; };
		62DF946C17EE977700DD9EE1 /* NSArray+Extended.h in CopyFiles */ = {isa = PBXBuildFile; fileRef = 620B40BD17EE561F00D26637 /* NSArray+Extended.h */; };
		62DF946D17EE977700DD9EE1 /* NSCache+Extended.h in CopyFiles */ = {isa = PBXBuildFile; fileRef = 620B40BF17EE561F00D26637 /* NSCache+Extended.h */; };
		62DF946E17EE977700DD9EE1 /* NSData+Extended.h in CopyFiles */ = {isa = PBXBuildFile; fileRef = 620B40C117EE561F00D26637 /* NSData+Extended.h */; };
		62DF946F17EE977700DD9EE1 /* NSDate+Extended.h in CopyFiles */ = {isa = PBXBuildFile; fileRef = 620B40C317EE561F00D26637 /* NSDate+Extended.h */; };
		62DF947017EE977700DD9EE1 /* NSDateFormatter+Extended.h in CopyFiles */ = {isa = PBXBuildFile; fileRef = 620B40C517EE561F00D26637 /* NSDateFormatter+Extended.h */; };
		62DF947117EE977700DD9EE1 /* NSDictionary+Extended.h in CopyFiles */ = {isa = PBXBuildFile; fileRef = 620B40C717EE561F00D26637 /* NSDictionary+Extended.h */; };
		62DF947217EE977700DD9EE1 /* NSObject+Extended.h in CopyFiles */ = {isa = PBXBuildFile; fileRef = 620B40C917EE561F00D26637 /* NSObject+Extended.h */; };
		62DF947317EE977700DD9EE1 /* NSSet+Extended.h in CopyFiles */ = {isa = PBXBuildFile; fileRef = 620B40CB17EE561F00D26637 /* NSSet+Extended.h */; };
		62DF947417EE977700DD9EE1 /* NSString+Extended.h in CopyFiles */ = {isa = PBXBuildFile; fileRef = 620B40CD17EE561F00D26637 /* NSString+Extended.h */; };
		62DF947517EE977700DD9EE1 /* NSUserDefaults+Extended.h in CopyFiles */ = {isa = PBXBuildFile; fileRef = 620B40CF17EE561F00D26637 /* NSUserDefaults+Extended.h */; };
		62DF947617EE977C00DD9EE1 /* CocoaHelper.h in CopyFiles */ = {isa = PBXBuildFile; fileRef = 620B40BC17EE561F00D26637 /* CocoaHelper.h */; };
/* End PBXBuildFile section */

/* Begin PBXContainerItemProxy section */
		62421EE317EE518000676DA7 /* PBXContainerItemProxy */ = {
			isa = PBXContainerItemProxy;
			containerPortal = 62421E2017EE4FBF00676DA7 /* Project object */;
			proxyType = 1;
			remoteGlobalIDString = 62421ED117EE518000676DA7;
			remoteInfo = "CocoaHelper iOS";
		};
		62421F0C17EE519900676DA7 /* PBXContainerItemProxy */ = {
			isa = PBXContainerItemProxy;
			containerPortal = 62421E2017EE4FBF00676DA7 /* Project object */;
			proxyType = 1;
			remoteGlobalIDString = 62421EF817EE519900676DA7;
			remoteInfo = "CocoaHelper Mac";
		};
/* End PBXContainerItemProxy section */

/* Begin PBXCopyFilesBuildPhase section */
		62421ED017EE518000676DA7 /* CopyFiles */ = {
			isa = PBXCopyFilesBuildPhase;
			buildActionMask = 2147483647;
			dstPath = "include/$(PRODUCT_NAME)";
			dstSubfolderSpec = 16;
			files = (
				62DF947617EE977C00DD9EE1 /* CocoaHelper.h in CopyFiles */,
				6286FFD917EED0BD00EAC67F /* CHDebug.h in CopyFiles */,
				62DF946C17EE977700DD9EE1 /* NSArray+Extended.h in CopyFiles */,
				62DF946D17EE977700DD9EE1 /* NSCache+Extended.h in CopyFiles */,
				62DF946E17EE977700DD9EE1 /* NSData+Extended.h in CopyFiles */,
				62DF946F17EE977700DD9EE1 /* NSDate+Extended.h in CopyFiles */,
				62DF947017EE977700DD9EE1 /* NSDateFormatter+Extended.h in CopyFiles */,
				62DF947117EE977700DD9EE1 /* NSDictionary+Extended.h in CopyFiles */,
				62DF947217EE977700DD9EE1 /* NSObject+Extended.h in CopyFiles */,
				62DF947317EE977700DD9EE1 /* NSSet+Extended.h in CopyFiles */,
				62DF947417EE977700DD9EE1 /* NSString+Extended.h in CopyFiles */,
				62DF947517EE977700DD9EE1 /* NSUserDefaults+Extended.h in CopyFiles */,
				62DF946B17EE976500DD9EE1 /* UICollectionView+Extended.h in CopyFiles */,
				62DF946A17EE976100DD9EE1 /* UIColor+Extended.h in CopyFiles */,
				620E7A7117EE5D94000A60DD /* UIImage+Extended.h in CopyFiles */,
				620E7A7217EE5D94000A60DD /* UIScreen+Extended.h in CopyFiles */,
				620E7A7317EE5D94000A60DD /* UIScrollView+Extended.h in CopyFiles */,
				620E7A7417EE5D94000A60DD /* UITableView+Extended.h in CopyFiles */,
				620E7A7517EE5D94000A60DD /* UIView+Extended.h in CopyFiles */,
				620E7A7617EE5D94000A60DD /* UIViewController+Extended.h in CopyFiles */,
			);
			runOnlyForDeploymentPostprocessing = 0;
		};
/* End PBXCopyFilesBuildPhase section */

/* Begin PBXFileReference section */
		6205AA9517EEBE7C00AEE4C5 /* en */ = {isa = PBXFileReference; lastKnownFileType = text.plist.strings; name = en; path = CocoaHelper/en.lproj/InfoPlist.strings; sourceTree = "<group>"; };
		620B40AF17EE55A200D26637 /* LICENSE.markdown */ = {isa = PBXFileReference; lastKnownFileType = text; path = LICENSE.markdown; sourceTree = "<group>"; };
		620B40B017EE55A200D26637 /* README.markdown */ = {isa = PBXFileReference; lastKnownFileType = text; path = README.markdown; sourceTree = "<group>"; };
		620B40B117EE55BA00D26637 /* CocoaHelper-Info.plist */ = {isa = PBXFileReference; lastKnownFileType = text.plist.xml; name = "CocoaHelper-Info.plist"; path = "CocoaHelper/CocoaHelper-Info.plist"; sourceTree = "<group>"; };
		620B40B217EE55BA00D26637 /* CocoaHelper-Prefix.pch */ = {isa = PBXFileReference; lastKnownFileType = sourcecode.c.h; name = "CocoaHelper-Prefix.pch"; path = "CocoaHelper/CocoaHelper-Prefix.pch"; sourceTree = "<group>"; };
		620B40B517EE55F400D26637 /* en */ = {isa = PBXFileReference; lastKnownFileType = text.plist.strings; name = en; path = CocoaHelper/en.lproj/Localizable.strings; sourceTree = "<group>"; };
		620B40B617EE561F00D26637 /* UIColor+Extended.h */ = {isa = PBXFileReference; lastKnownFileType = sourcecode.c.h; name = "UIColor+Extended.h"; path = "CocoaHelper/UIColor+Extended.h"; sourceTree = "<group>"; };
		620B40B717EE561F00D26637 /* UIColor+Extended.m */ = {isa = PBXFileReference; lastKnownFileType = sourcecode.c.objc; name = "UIColor+Extended.m"; path = "CocoaHelper/UIColor+Extended.m"; sourceTree = "<group>"; };
		620B40B817EE561F00D26637 /* CHDebug.h */ = {isa = PBXFileReference; lastKnownFileType = sourcecode.c.h; name = CHDebug.h; path = CocoaHelper/CHDebug.h; sourceTree = "<group>"; };
		620B40B917EE561F00D26637 /* CHDebug.m */ = {isa = PBXFileReference; lastKnownFileType = sourcecode.c.objc; name = CHDebug.m; path = CocoaHelper/CHDebug.m; sourceTree = "<group>"; };
		620B40BC17EE561F00D26637 /* CocoaHelper.h */ = {isa = PBXFileReference; lastKnownFileType = sourcecode.c.h; name = CocoaHelper.h; path = CocoaHelper/CocoaHelper.h; sourceTree = "<group>"; };
		620B40BD17EE561F00D26637 /* NSArray+Extended.h */ = {isa = PBXFileReference; lastKnownFileType = sourcecode.c.h; name = "NSArray+Extended.h"; path = "CocoaHelper/NSArray+Extended.h"; sourceTree = "<group>"; };
		620B40BE17EE561F00D26637 /* NSArray+Extended.m */ = {isa = PBXFileReference; lastKnownFileType = sourcecode.c.objc; name = "NSArray+Extended.m"; path = "CocoaHelper/NSArray+Extended.m"; sourceTree = "<group>"; };
		620B40BF17EE561F00D26637 /* NSCache+Extended.h */ = {isa = PBXFileReference; lastKnownFileType = sourcecode.c.h; name = "NSCache+Extended.h"; path = "CocoaHelper/NSCache+Extended.h"; sourceTree = "<group>"; };
		620B40C017EE561F00D26637 /* NSCache+Extended.m */ = {isa = PBXFileReference; lastKnownFileType = sourcecode.c.objc; name = "NSCache+Extended.m"; path = "CocoaHelper/NSCache+Extended.m"; sourceTree = "<group>"; };
		620B40C117EE561F00D26637 /* NSData+Extended.h */ = {isa = PBXFileReference; lastKnownFileType = sourcecode.c.h; name = "NSData+Extended.h"; path = "CocoaHelper/NSData+Extended.h"; sourceTree = "<group>"; };
		620B40C217EE561F00D26637 /* NSData+Extended.m */ = {isa = PBXFileReference; lastKnownFileType = sourcecode.c.objc; name = "NSData+Extended.m"; path = "CocoaHelper/NSData+Extended.m"; sourceTree = "<group>"; };
		620B40C317EE561F00D26637 /* NSDate+Extended.h */ = {isa = PBXFileReference; lastKnownFileType = sourcecode.c.h; name = "NSDate+Extended.h"; path = "CocoaHelper/NSDate+Extended.h"; sourceTree = "<group>"; };
		620B40C417EE561F00D26637 /* NSDate+Extended.m */ = {isa = PBXFileReference; lastKnownFileType = sourcecode.c.objc; name = "NSDate+Extended.m"; path = "CocoaHelper/NSDate+Extended.m"; sourceTree = "<group>"; };
		620B40C517EE561F00D26637 /* NSDateFormatter+Extended.h */ = {isa = PBXFileReference; lastKnownFileType = sourcecode.c.h; name = "NSDateFormatter+Extended.h"; path = "CocoaHelper/NSDateFormatter+Extended.h"; sourceTree = "<group>"; };
		620B40C617EE561F00D26637 /* NSDateFormatter+Extended.m */ = {isa = PBXFileReference; lastKnownFileType = sourcecode.c.objc; name = "NSDateFormatter+Extended.m"; path = "CocoaHelper/NSDateFormatter+Extended.m"; sourceTree = "<group>"; };
		620B40C717EE561F00D26637 /* NSDictionary+Extended.h */ = {isa = PBXFileReference; lastKnownFileType = sourcecode.c.h; name = "NSDictionary+Extended.h"; path = "CocoaHelper/NSDictionary+Extended.h"; sourceTree = "<group>"; };
		620B40C817EE561F00D26637 /* NSDictionary+Extended.m */ = {isa = PBXFileReference; lastKnownFileType = sourcecode.c.objc; name = "NSDictionary+Extended.m"; path = "CocoaHelper/NSDictionary+Extended.m"; sourceTree = "<group>"; };
		620B40C917EE561F00D26637 /* NSObject+Extended.h */ = {isa = PBXFileReference; lastKnownFileType = sourcecode.c.h; name = "NSObject+Extended.h"; path = "CocoaHelper/NSObject+Extended.h"; sourceTree = "<group>"; };
		620B40CA17EE561F00D26637 /* NSObject+Extended.m */ = {isa = PBXFileReference; lastKnownFileType = sourcecode.c.objc; name = "NSObject+Extended.m"; path = "CocoaHelper/NSObject+Extended.m"; sourceTree = "<group>"; };
		620B40CB17EE561F00D26637 /* NSSet+Extended.h */ = {isa = PBXFileReference; lastKnownFileType = sourcecode.c.h; name = "NSSet+Extended.h"; path = "CocoaHelper/NSSet+Extended.h"; sourceTree = "<group>"; };
		620B40CC17EE561F00D26637 /* NSSet+Extended.m */ = {isa = PBXFileReference; lastKnownFileType = sourcecode.c.objc; name = "NSSet+Extended.m"; path = "CocoaHelper/NSSet+Extended.m"; sourceTree = "<group>"; };
		620B40CD17EE561F00D26637 /* NSString+Extended.h */ = {isa = PBXFileReference; lastKnownFileType = sourcecode.c.h; name = "NSString+Extended.h"; path = "CocoaHelper/NSString+Extended.h"; sourceTree = "<group>"; };
		620B40CE17EE561F00D26637 /* NSString+Extended.m */ = {isa = PBXFileReference; lastKnownFileType = sourcecode.c.objc; name = "NSString+Extended.m"; path = "CocoaHelper/NSString+Extended.m"; sourceTree = "<group>"; };
		620B40CF17EE561F00D26637 /* NSUserDefaults+Extended.h */ = {isa = PBXFileReference; lastKnownFileType = sourcecode.c.h; name = "NSUserDefaults+Extended.h"; path = "CocoaHelper/NSUserDefaults+Extended.h"; sourceTree = "<group>"; };
		620B40D017EE561F00D26637 /* NSUserDefaults+Extended.m */ = {isa = PBXFileReference; lastKnownFileType = sourcecode.c.objc; name = "NSUserDefaults+Extended.m"; path = "CocoaHelper/NSUserDefaults+Extended.m"; sourceTree = "<group>"; };
		620B40D117EE561F00D26637 /* UICollectionView+Extended.h */ = {isa = PBXFileReference; lastKnownFileType = sourcecode.c.h; name = "UICollectionView+Extended.h"; path = "CocoaHelper/UICollectionView+Extended.h"; sourceTree = "<group>"; };
		620B40D217EE561F00D26637 /* UICollectionView+Extended.m */ = {isa = PBXFileReference; lastKnownFileType = sourcecode.c.objc; name = "UICollectionView+Extended.m"; path = "CocoaHelper/UICollectionView+Extended.m"; sourceTree = "<group>"; };
		620B40D317EE561F00D26637 /* UIImage+Extended.h */ = {isa = PBXFileReference; lastKnownFileType = sourcecode.c.h; name = "UIImage+Extended.h"; path = "CocoaHelper/UIImage+Extended.h"; sourceTree = "<group>"; };
		620B40D417EE561F00D26637 /* UIImage+Extended.m */ = {isa = PBXFileReference; lastKnownFileType = sourcecode.c.objc; name = "UIImage+Extended.m"; path = "CocoaHelper/UIImage+Extended.m"; sourceTree = "<group>"; };
		620B40D517EE561F00D26637 /* UIScreen+Extended.h */ = {isa = PBXFileReference; lastKnownFileType = sourcecode.c.h; name = "UIScreen+Extended.h"; path = "CocoaHelper/UIScreen+Extended.h"; sourceTree = "<group>"; };
		620B40D617EE561F00D26637 /* UIScreen+Extended.m */ = {isa = PBXFileReference; lastKnownFileType = sourcecode.c.objc; name = "UIScreen+Extended.m"; path = "CocoaHelper/UIScreen+Extended.m"; sourceTree = "<group>"; };
		620B40D717EE561F00D26637 /* UIScrollView+Extended.h */ = {isa = PBXFileReference; lastKnownFileType = sourcecode.c.h; name = "UIScrollView+Extended.h"; path = "CocoaHelper/UIScrollView+Extended.h"; sourceTree = "<group>"; };
		620B40D817EE561F00D26637 /* UIScrollView+Extended.m */ = {isa = PBXFileReference; lastKnownFileType = sourcecode.c.objc; name = "UIScrollView+Extended.m"; path = "CocoaHelper/UIScrollView+Extended.m"; sourceTree = "<group>"; };
		620B40D917EE561F00D26637 /* UITableView+Extended.h */ = {isa = PBXFileReference; lastKnownFileType = sourcecode.c.h; name = "UITableView+Extended.h"; path = "CocoaHelper/UITableView+Extended.h"; sourceTree = "<group>"; };
		620B40DA17EE561F00D26637 /* UITableView+Extended.m */ = {isa = PBXFileReference; lastKnownFileType = sourcecode.c.objc; name = "UITableView+Extended.m"; path = "CocoaHelper/UITableView+Extended.m"; sourceTree = "<group>"; };
		620B40DB17EE561F00D26637 /* UIView+Extended.h */ = {isa = PBXFileReference; lastKnownFileType = sourcecode.c.h; name = "UIView+Extended.h"; path = "CocoaHelper/UIView+Extended.h"; sourceTree = "<group>"; };
		620B40DC17EE561F00D26637 /* UIView+Extended.m */ = {isa = PBXFileReference; lastKnownFileType = sourcecode.c.objc; name = "UIView+Extended.m"; path = "CocoaHelper/UIView+Extended.m"; sourceTree = "<group>"; };
		620B40DD17EE561F00D26637 /* UIViewController+Extended.h */ = {isa = PBXFileReference; lastKnownFileType = sourcecode.c.h; name = "UIViewController+Extended.h"; path = "CocoaHelper/UIViewController+Extended.h"; sourceTree = "<group>"; };
		620B40DE17EE561F00D26637 /* UIViewController+Extended.m */ = {isa = PBXFileReference; lastKnownFileType = sourcecode.c.objc; name = "UIViewController+Extended.m"; path = "CocoaHelper/UIViewController+Extended.m"; sourceTree = "<group>"; };
		620E7A7D17EE5E19000A60DD /* CoreGraphics.framework */ = {isa = PBXFileReference; lastKnownFileType = wrapper.framework; name = CoreGraphics.framework; path = System/Library/Frameworks/CoreGraphics.framework; sourceTree = SDKROOT; };
		6221A9B217EEBF780078E2BF /* de */ = {isa = PBXFileReference; lastKnownFileType = text.plist.strings; name = de; path = CocoaHelper/de.lproj/InfoPlist.strings; sourceTree = "<group>"; };
		6221A9B317EEBF780078E2BF /* de */ = {isa = PBXFileReference; lastKnownFileType = text.plist.strings; name = de; path = CocoaHelper/de.lproj/Localizable.strings; sourceTree = "<group>"; };
		6221A9B417EEBFAB0078E2BF /* de */ = {isa = PBXFileReference; lastKnownFileType = text.plist.strings; name = de; path = CocoaHelperTests/de.lproj/InfoPlist.strings; sourceTree = "<group>"; };
		62421E3B17EE500A00676DA7 /* XCTest.framework */ = {isa = PBXFileReference; lastKnownFileType = wrapper.framework; name = XCTest.framework; path = Library/Frameworks/XCTest.framework; sourceTree = DEVELOPER_DIR; };
		62421E5717EE503400676DA7 /* Cocoa.framework */ = {isa = PBXFileReference; lastKnownFileType = wrapper.framework; name = Cocoa.framework; path = System/Library/Frameworks/Cocoa.framework; sourceTree = SDKROOT; };
		62421ED217EE518000676DA7 /* libCocoaHelper.a */ = {isa = PBXFileReference; explicitFileType = archive.ar; includeInIndex = 0; path = libCocoaHelper.a; sourceTree = BUILT_PRODUCTS_DIR; };
		62421EDF17EE518000676DA7 /* CocoaHelper iOS Tests.xctest */ = {isa = PBXFileReference; explicitFileType = wrapper.cfbundle; includeInIndex = 0; path = "CocoaHelper iOS Tests.xctest"; sourceTree = BUILT_PRODUCTS_DIR; };
		62421EF917EE519900676DA7 /* CocoaHelper.framework */ = {isa = PBXFileReference; explicitFileType = wrapper.framework; includeInIndex = 0; path = CocoaHelper.framework; sourceTree = BUILT_PRODUCTS_DIR; };
		62421F0917EE519900676DA7 /* CocoaHelper Mac Tests.xctest */ = {isa = PBXFileReference; explicitFileType = wrapper.cfbundle; includeInIndex = 0; path = "CocoaHelper Mac Tests.xctest"; sourceTree = BUILT_PRODUCTS_DIR; };
		627731B817EE5E3E00EAD0C3 /* QuartzCore.framework */ = {isa = PBXFileReference; lastKnownFileType = wrapper.framework; name = QuartzCore.framework; path = System/Library/Frameworks/QuartzCore.framework; sourceTree = SDKROOT; };
		62B2287017EE582D007C452E /* en */ = {isa = PBXFileReference; lastKnownFileType = text.plist.strings; name = en; path = CocoaHelperTests/en.lproj/InfoPlist.strings; sourceTree = "<group>"; };
		62B2287117EE5840007C452E /* CocoaHelperTests-Info.plist */ = {isa = PBXFileReference; lastKnownFileType = text.plist.xml; name = "CocoaHelperTests-Info.plist"; path = "CocoaHelperTests/CocoaHelperTests-Info.plist"; sourceTree = "<group>"; };
		62B2287217EE584C007C452E /* NSDateFormatterExtendedTests.h */ = {isa = PBXFileReference; lastKnownFileType = sourcecode.c.h; name = NSDateFormatterExtendedTests.h; path = CocoaHelperTests/NSDateFormatterExtendedTests.h; sourceTree = "<group>"; };
		62B2287317EE584C007C452E /* NSDateFormatterExtendedTests.m */ = {isa = PBXFileReference; lastKnownFileType = sourcecode.c.objc; name = NSDateFormatterExtendedTests.m; path = CocoaHelperTests/NSDateFormatterExtendedTests.m; sourceTree = "<group>"; };
		62B228B217EE5A46007C452E /* Foundation.framework */ = {isa = PBXFileReference; lastKnownFileType = wrapper.framework; name = Foundation.framework; path = Platforms/iPhoneOS.platform/Developer/SDKs/iPhoneOS7.0.sdk/System/Library/Frameworks/Foundation.framework; sourceTree = DEVELOPER_DIR; };
		62B228B617EE5A59007C452E /* UIKit.framework */ = {isa = PBXFileReference; lastKnownFileType = wrapper.framework; name = UIKit.framework; path = Platforms/iPhoneOS.platform/Developer/SDKs/iPhoneOS7.0.sdk/System/Library/Frameworks/UIKit.framework; sourceTree = DEVELOPER_DIR; };
/* End PBXFileReference section */

/* Begin PBXFrameworksBuildPhase section */
		62421ECF17EE518000676DA7 /* Frameworks */ = {
			isa = PBXFrameworksBuildPhase;
			buildActionMask = 2147483647;
			files = (
				62DF93C617EE5FBC00DD9EE1 /* CoreGraphics.framework in Frameworks */,
				62B228B317EE5A46007C452E /* Foundation.framework in Frameworks */,
				62DF93C717EE5FC100DD9EE1 /* QuartzCore.framework in Frameworks */,
				62B228B717EE5A59007C452E /* UIKit.framework in Frameworks */,
			);
			runOnlyForDeploymentPostprocessing = 0;
		};
		62421EDC17EE518000676DA7 /* Frameworks */ = {
			isa = PBXFrameworksBuildPhase;
			buildActionMask = 2147483647;
			files = (
				62DF93C817EE5FDC00DD9EE1 /* Foundation.framework in Frameworks */,
				62421EE017EE518000676DA7 /* XCTest.framework in Frameworks */,
				62421EE517EE518000676DA7 /* libCocoaHelper.a in Frameworks */,
			);
			runOnlyForDeploymentPostprocessing = 0;
		};
		62421EF517EE519900676DA7 /* Frameworks */ = {
			isa = PBXFrameworksBuildPhase;
			buildActionMask = 2147483647;
			files = (
				62421EFA17EE519900676DA7 /* Cocoa.framework in Frameworks */,
				620E7A7E17EE5E19000A60DD /* CoreGraphics.framework in Frameworks */,
				627731B917EE5E3E00EAD0C3 /* QuartzCore.framework in Frameworks */,
			);
			runOnlyForDeploymentPostprocessing = 0;
		};
		62421F0617EE519900676DA7 /* Frameworks */ = {
			isa = PBXFrameworksBuildPhase;
			buildActionMask = 2147483647;
			files = (
				62421F0B17EE519900676DA7 /* Cocoa.framework in Frameworks */,
				62421F0E17EE519900676DA7 /* CocoaHelper.framework in Frameworks */,
				62421F0A17EE519900676DA7 /* XCTest.framework in Frameworks */,
			);
			runOnlyForDeploymentPostprocessing = 0;
		};
/* End PBXFrameworksBuildPhase section */

/* Begin PBXGroup section */
		620B40AB17EE555C00D26637 /* CocoaHelper */ = {
			isa = PBXGroup;
			children = (
				620B40DF17EE564400D26637 /* Classes */,
				620B40AE17EE557E00D26637 /* Resources */,
				620B40AD17EE557500D26637 /* Supporting Files */,
			);
			name = CocoaHelper;
			sourceTree = "<group>";
		};
		620B40AD17EE557500D26637 /* Supporting Files */ = {
			isa = PBXGroup;
			children = (
				620B40B117EE55BA00D26637 /* CocoaHelper-Info.plist */,
				620B40B217EE55BA00D26637 /* CocoaHelper-Prefix.pch */,
			);
			name = "Supporting Files";
			sourceTree = "<group>";
		};
		620B40AE17EE557E00D26637 /* Resources */ = {
			isa = PBXGroup;
			children = (
				6205AA9317EEBE7500AEE4C5 /* InfoPlist.strings */,
				620B40B317EE55DB00D26637 /* Localizable.strings */,
				620B40AF17EE55A200D26637 /* LICENSE.markdown */,
				620B40B017EE55A200D26637 /* README.markdown */,
			);
			name = Resources;
			sourceTree = "<group>";
		};
		620B40DF17EE564400D26637 /* Classes */ = {
			isa = PBXGroup;
			children = (
				620B40E717EE56F500D26637 /* Foundation */,
				620B40E817EE575F00D26637 /* UIKit */,
				620B40E617EE56DF00D26637 /* Utilities */,
				620B40BC17EE561F00D26637 /* CocoaHelper.h */,
			);
			name = Classes;
			sourceTree = "<group>";
		};
		620B40E017EE565200D26637 /* CocoaHelperTests */ = {
			isa = PBXGroup;
			children = (
				620B40E117EE566200D26637 /* Tests */,
				620B40E917EE57F600D26637 /* Resources */,
				620B40E217EE566700D26637 /* Supporting Files */,
			);
			name = CocoaHelperTests;
			sourceTree = "<group>";
		};
		620B40E117EE566200D26637 /* Tests */ = {
			isa = PBXGroup;
			children = (
				62DF93C917EE60DD00DD9EE1 /* Foundation */,
			);
			name = Tests;
			sourceTree = "<group>";
		};
		620B40E217EE566700D26637 /* Supporting Files */ = {
			isa = PBXGroup;
			children = (
				62B2287117EE5840007C452E /* CocoaHelperTests-Info.plist */,
			);
			name = "Supporting Files";
			sourceTree = "<group>";
		};
		620B40E617EE56DF00D26637 /* Utilities */ = {
			isa = PBXGroup;
			children = (
				620B40B817EE561F00D26637 /* CHDebug.h */,
				620B40B917EE561F00D26637 /* CHDebug.m */,
			);
			name = Utilities;
			sourceTree = "<group>";
		};
		620B40E717EE56F500D26637 /* Foundation */ = {
			isa = PBXGroup;
			children = (
				620B40BD17EE561F00D26637 /* NSArray+Extended.h */,
				620B40BE17EE561F00D26637 /* NSArray+Extended.m */,
				620B40BF17EE561F00D26637 /* NSCache+Extended.h */,
				620B40C017EE561F00D26637 /* NSCache+Extended.m */,
				620B40C117EE561F00D26637 /* NSData+Extended.h */,
				620B40C217EE561F00D26637 /* NSData+Extended.m */,
				620B40C317EE561F00D26637 /* NSDate+Extended.h */,
				620B40C417EE561F00D26637 /* NSDate+Extended.m */,
				620B40C517EE561F00D26637 /* NSDateFormatter+Extended.h */,
				620B40C617EE561F00D26637 /* NSDateFormatter+Extended.m */,
				620B40C717EE561F00D26637 /* NSDictionary+Extended.h */,
				620B40C817EE561F00D26637 /* NSDictionary+Extended.m */,
				620B40C917EE561F00D26637 /* NSObject+Extended.h */,
				620B40CA17EE561F00D26637 /* NSObject+Extended.m */,
				620B40CB17EE561F00D26637 /* NSSet+Extended.h */,
				620B40CC17EE561F00D26637 /* NSSet+Extended.m */,
				620B40CD17EE561F00D26637 /* NSString+Extended.h */,
				620B40CE17EE561F00D26637 /* NSString+Extended.m */,
				620B40CF17EE561F00D26637 /* NSUserDefaults+Extended.h */,
				620B40D017EE561F00D26637 /* NSUserDefaults+Extended.m */,
			);
			name = Foundation;
			sourceTree = "<group>";
		};
		620B40E817EE575F00D26637 /* UIKit */ = {
			isa = PBXGroup;
			children = (
				620B40D117EE561F00D26637 /* UICollectionView+Extended.h */,
				620B40D217EE561F00D26637 /* UICollectionView+Extended.m */,
				620B40B617EE561F00D26637 /* UIColor+Extended.h */,
				620B40B717EE561F00D26637 /* UIColor+Extended.m */,
				620B40D317EE561F00D26637 /* UIImage+Extended.h */,
				620B40D417EE561F00D26637 /* UIImage+Extended.m */,
				620B40D517EE561F00D26637 /* UIScreen+Extended.h */,
				620B40D617EE561F00D26637 /* UIScreen+Extended.m */,
				620B40D717EE561F00D26637 /* UIScrollView+Extended.h */,
				620B40D817EE561F00D26637 /* UIScrollView+Extended.m */,
				620B40D917EE561F00D26637 /* UITableView+Extended.h */,
				620B40DA17EE561F00D26637 /* UITableView+Extended.m */,
				620B40DB17EE561F00D26637 /* UIView+Extended.h */,
				620B40DC17EE561F00D26637 /* UIView+Extended.m */,
				620B40DD17EE561F00D26637 /* UIViewController+Extended.h */,
				620B40DE17EE561F00D26637 /* UIViewController+Extended.m */,
			);
			name = UIKit;
			sourceTree = "<group>";
		};
		620B40E917EE57F600D26637 /* Resources */ = {
			isa = PBXGroup;
			children = (
				620B40EA17EE580E00D26637 /* InfoPlist.strings */,
			);
			name = Resources;
			sourceTree = "<group>";
		};
		62421E1F17EE4FBF00676DA7 = {
			isa = PBXGroup;
			children = (
				620B40AB17EE555C00D26637 /* CocoaHelper */,
				620B40E017EE565200D26637 /* CocoaHelperTests */,
				62421E2C17EE500A00676DA7 /* Frameworks */,
				62421E2B17EE500A00676DA7 /* Products */,
			);
			sourceTree = "<group>";
		};
		62421E2B17EE500A00676DA7 /* Products */ = {
			isa = PBXGroup;
			children = (
				62421ED217EE518000676DA7 /* libCocoaHelper.a */,
				62421EDF17EE518000676DA7 /* CocoaHelper iOS Tests.xctest */,
				62421EF917EE519900676DA7 /* CocoaHelper.framework */,
				62421F0917EE519900676DA7 /* CocoaHelper Mac Tests.xctest */,
			);
			name = Products;
			sourceTree = "<group>";
		};
		62421E2C17EE500A00676DA7 /* Frameworks */ = {
			isa = PBXGroup;
			children = (
				62421E5717EE503400676DA7 /* Cocoa.framework */,
				620E7A7D17EE5E19000A60DD /* CoreGraphics.framework */,
				62B228B217EE5A46007C452E /* Foundation.framework */,
				627731B817EE5E3E00EAD0C3 /* QuartzCore.framework */,
				62B228B617EE5A59007C452E /* UIKit.framework */,
				62421E3B17EE500A00676DA7 /* XCTest.framework */,
			);
			name = Frameworks;
			sourceTree = "<group>";
		};
		62DF93C917EE60DD00DD9EE1 /* Foundation */ = {
			isa = PBXGroup;
			children = (
				62B2287217EE584C007C452E /* NSDateFormatterExtendedTests.h */,
				62B2287317EE584C007C452E /* NSDateFormatterExtendedTests.m */,
			);
			name = Foundation;
			sourceTree = "<group>";
		};
/* End PBXGroup section */

/* Begin PBXHeadersBuildPhase section */
		62421EF617EE519900676DA7 /* Headers */ = {
			isa = PBXHeadersBuildPhase;
			buildActionMask = 2147483647;
			files = (
				62DF93CC17EE7DA800DD9EE1 /* CocoaHelper.h in Headers */,
				62B2288717EE59DE007C452E /* CHDebug.h in Headers */,
				62B2287617EE59DE007C452E /* NSArray+Extended.h in Headers */,
				62B2287717EE59DE007C452E /* NSCache+Extended.h in Headers */,
				62B2287817EE59DE007C452E /* NSData+Extended.h in Headers */,
				62B2287917EE59DE007C452E /* NSDate+Extended.h in Headers */,
				62B2287A17EE59DE007C452E /* NSDateFormatter+Extended.h in Headers */,
				62B2287B17EE59DE007C452E /* NSDictionary+Extended.h in Headers */,
				62B2287C17EE59DE007C452E /* NSObject+Extended.h in Headers */,
				62B2287D17EE59DE007C452E /* NSSet+Extended.h in Headers */,
				62B2287E17EE59DE007C452E /* NSString+Extended.h in Headers */,
				62B2287F17EE59DE007C452E /* NSUserDefaults+Extended.h in Headers */,
			);
			runOnlyForDeploymentPostprocessing = 0;
		};
/* End PBXHeadersBuildPhase section */

/* Begin PBXNativeTarget section */
		62421ED117EE518000676DA7 /* CocoaHelper iOS */ = {
			isa = PBXNativeTarget;
			buildConfigurationList = 62421EEE17EE518000676DA7 /* Build configuration list for PBXNativeTarget "CocoaHelper iOS" */;
			buildPhases = (
				62421ECE17EE518000676DA7 /* Sources */,
				62421ECF17EE518000676DA7 /* Frameworks */,
				62421ED017EE518000676DA7 /* CopyFiles */,
			);
			buildRules = (
			);
			dependencies = (
			);
			name = "CocoaHelper iOS";
			productName = "CocoaHelper iOS";
			productReference = 62421ED217EE518000676DA7 /* libCocoaHelper.a */;
			productType = "com.apple.product-type.library.static";
		};
		62421EDE17EE518000676DA7 /* CocoaHelper iOS Tests */ = {
			isa = PBXNativeTarget;
			buildConfigurationList = 62421EF117EE518000676DA7 /* Build configuration list for PBXNativeTarget "CocoaHelper iOS Tests" */;
			buildPhases = (
				62421EDB17EE518000676DA7 /* Sources */,
				62421EDC17EE518000676DA7 /* Frameworks */,
				62421EDD17EE518000676DA7 /* Resources */,
			);
			buildRules = (
			);
			dependencies = (
				62421EE417EE518000676DA7 /* PBXTargetDependency */,
			);
			name = "CocoaHelper iOS Tests";
			productName = "CocoaHelper iOSTests";
			productReference = 62421EDF17EE518000676DA7 /* CocoaHelper iOS Tests.xctest */;
			productType = "com.apple.product-type.bundle.unit-test";
		};
		62421EF817EE519900676DA7 /* CocoaHelper Mac */ = {
			isa = PBXNativeTarget;
			buildConfigurationList = 62421F1717EE519900676DA7 /* Build configuration list for PBXNativeTarget "CocoaHelper Mac" */;
			buildPhases = (
				62421EF417EE519900676DA7 /* Sources */,
				62421EF517EE519900676DA7 /* Frameworks */,
				62421EF617EE519900676DA7 /* Headers */,
				62421EF717EE519900676DA7 /* Resources */,
			);
			buildRules = (
			);
			dependencies = (
			);
			name = "CocoaHelper Mac";
			productName = "CocoaHelper Mac";
			productReference = 62421EF917EE519900676DA7 /* CocoaHelper.framework */;
			productType = "com.apple.product-type.framework";
		};
		62421F0817EE519900676DA7 /* CocoaHelper Mac Tests */ = {
			isa = PBXNativeTarget;
			buildConfigurationList = 62421F1A17EE519900676DA7 /* Build configuration list for PBXNativeTarget "CocoaHelper Mac Tests" */;
			buildPhases = (
				62421F0517EE519900676DA7 /* Sources */,
				62421F0617EE519900676DA7 /* Frameworks */,
				62421F0717EE519900676DA7 /* Resources */,
			);
			buildRules = (
			);
			dependencies = (
				62421F0D17EE519900676DA7 /* PBXTargetDependency */,
			);
			name = "CocoaHelper Mac Tests";
			productName = "CocoaHelper MacTests";
			productReference = 62421F0917EE519900676DA7 /* CocoaHelper Mac Tests.xctest */;
			productType = "com.apple.product-type.bundle.unit-test";
		};
/* End PBXNativeTarget section */

/* Begin PBXProject section */
		62421E2017EE4FBF00676DA7 /* Project object */ = {
			isa = PBXProject;
			attributes = {
				LastUpgradeCheck = 0500;
				TargetAttributes = {
					62421EDE17EE518000676DA7 = {
						TestTargetID = 62421ED117EE518000676DA7;
					};
					62421F0817EE519900676DA7 = {
						TestTargetID = 62421EF817EE519900676DA7;
					};
				};
			};
			buildConfigurationList = 62421E2317EE4FBF00676DA7 /* Build configuration list for PBXProject "CocoaHelper" */;
			compatibilityVersion = "Xcode 3.2";
			developmentRegion = English;
			hasScannedForEncodings = 0;
			knownRegions = (
				en,
				de,
			);
			mainGroup = 62421E1F17EE4FBF00676DA7;
			productRefGroup = 62421E2B17EE500A00676DA7 /* Products */;
			projectDirPath = "";
			projectRoot = "";
			targets = (
				62421ED117EE518000676DA7 /* CocoaHelper iOS */,
				62421EDE17EE518000676DA7 /* CocoaHelper iOS Tests */,
				62421EF817EE519900676DA7 /* CocoaHelper Mac */,
				62421F0817EE519900676DA7 /* CocoaHelper Mac Tests */,
			);
		};
/* End PBXProject section */

/* Begin PBXResourcesBuildPhase section */
		62421EDD17EE518000676DA7 /* Resources */ = {
			isa = PBXResourcesBuildPhase;
			buildActionMask = 2147483647;
			files = (
				62996BAC17EEC19200820692 /* InfoPlist.strings in Resources */,
			);
			runOnlyForDeploymentPostprocessing = 0;
		};
		62421EF717EE519900676DA7 /* Resources */ = {
			isa = PBXResourcesBuildPhase;
			buildActionMask = 2147483647;
			files = (
				62996BAD17EEC19E00820692 /* InfoPlist.strings in Resources */,
				62B2287417EE5956007C452E /* Localizable.strings in Resources */,
			);
			runOnlyForDeploymentPostprocessing = 0;
		};
		62421F0717EE519900676DA7 /* Resources */ = {
			isa = PBXResourcesBuildPhase;
			buildActionMask = 2147483647;
			files = (
				62996BAB17EEC19100820692 /* InfoPlist.strings in Resources */,
			);
			runOnlyForDeploymentPostprocessing = 0;
		};
/* End PBXResourcesBuildPhase section */

/* Begin PBXSourcesBuildPhase section */
		62421ECE17EE518000676DA7 /* Sources */ = {
			isa = PBXSourcesBuildPhase;
			buildActionMask = 2147483647;
			files = (
				62B228AE17EE5A06007C452E /* CHDebug.m in Sources */,
				62B2289D17EE5A06007C452E /* NSArray+Extended.m in Sources */,
				62B2289E17EE5A06007C452E /* NSCache+Extended.m in Sources */,
				62B2289F17EE5A06007C452E /* NSData+Extended.m in Sources */,
				62B228A017EE5A06007C452E /* NSDate+Extended.m in Sources */,
				62B228A117EE5A06007C452E /* NSDateFormatter+Extended.m in Sources */,
				62B228A217EE5A06007C452E /* NSDictionary+Extended.m in Sources */,
				62B228A317EE5A06007C452E /* NSObject+Extended.m in Sources */,
				62B228A417EE5A06007C452E /* NSSet+Extended.m in Sources */,
				62B228A517EE5A06007C452E /* NSString+Extended.m in Sources */,
				62B228A617EE5A06007C452E /* NSUserDefaults+Extended.m in Sources */,
				62B228A717EE5A06007C452E /* UICollectionView+Extended.m in Sources */,
				62B228AF17EE5A06007C452E /* UIColor+Extended.m in Sources */,
				62B228A817EE5A06007C452E /* UIImage+Extended.m in Sources */,
				62B228A917EE5A06007C452E /* UIScreen+Extended.m in Sources */,
				62B228AA17EE5A06007C452E /* UIScrollView+Extended.m in Sources */,
				62B228AB17EE5A06007C452E /* UITableView+Extended.m in Sources */,
				62B228AC17EE5A06007C452E /* UIView+Extended.m in Sources */,
				62B228AD17EE5A06007C452E /* UIViewController+Extended.m in Sources */,
			);
			runOnlyForDeploymentPostprocessing = 0;
		};
		62421EDB17EE518000676DA7 /* Sources */ = {
			isa = PBXSourcesBuildPhase;
			buildActionMask = 2147483647;
			files = (
				62DF93C517EE5F0A00DD9EE1 /* NSDateFormatterExtendedTests.m in Sources */,
			);
			runOnlyForDeploymentPostprocessing = 0;
		};
		62421EF417EE519900676DA7 /* Sources */ = {
			isa = PBXSourcesBuildPhase;
			buildActionMask = 2147483647;
			files = (
				62B2289B17EE5A05007C452E /* CHDebug.m in Sources */,
				62B2288A17EE5A05007C452E /* NSArray+Extended.m in Sources */,
				62B2288B17EE5A05007C452E /* NSCache+Extended.m in Sources */,
				62B2288C17EE5A05007C452E /* NSData+Extended.m in Sources */,
				62B2288D17EE5A05007C452E /* NSDate+Extended.m in Sources */,
				62B2288E17EE5A05007C452E /* NSDateFormatter+Extended.m in Sources */,
				62B2288F17EE5A05007C452E /* NSDictionary+Extended.m in Sources */,
				62B2289017EE5A05007C452E /* NSObject+Extended.m in Sources */,
				62B2289117EE5A05007C452E /* NSSet+Extended.m in Sources */,
				62B2289217EE5A05007C452E /* NSString+Extended.m in Sources */,
				62B2289317EE5A05007C452E /* NSUserDefaults+Extended.m in Sources */,
			);
			runOnlyForDeploymentPostprocessing = 0;
		};
		62421F0517EE519900676DA7 /* Sources */ = {
			isa = PBXSourcesBuildPhase;
			buildActionMask = 2147483647;
			files = (
				62DF93C417EE5EF100DD9EE1 /* NSDateFormatterExtendedTests.m in Sources */,
			);
			runOnlyForDeploymentPostprocessing = 0;
		};
/* End PBXSourcesBuildPhase section */

/* Begin PBXTargetDependency section */
		62421EE417EE518000676DA7 /* PBXTargetDependency */ = {
			isa = PBXTargetDependency;
			target = 62421ED117EE518000676DA7 /* CocoaHelper iOS */;
			targetProxy = 62421EE317EE518000676DA7 /* PBXContainerItemProxy */;
		};
		62421F0D17EE519900676DA7 /* PBXTargetDependency */ = {
			isa = PBXTargetDependency;
			target = 62421EF817EE519900676DA7 /* CocoaHelper Mac */;
			targetProxy = 62421F0C17EE519900676DA7 /* PBXContainerItemProxy */;
		};
/* End PBXTargetDependency section */

/* Begin PBXVariantGroup section */
		6205AA9317EEBE7500AEE4C5 /* InfoPlist.strings */ = {
			isa = PBXVariantGroup;
			children = (
				6205AA9517EEBE7C00AEE4C5 /* en */,
				6221A9B217EEBF780078E2BF /* de */,
			);
			name = InfoPlist.strings;
			sourceTree = "<group>";
		};
		620B40B317EE55DB00D26637 /* Localizable.strings */ = {
			isa = PBXVariantGroup;
			children = (
				620B40B517EE55F400D26637 /* en */,
				6221A9B317EEBF780078E2BF /* de */,
			);
			name = Localizable.strings;
			sourceTree = "<group>";
		};
		620B40EA17EE580E00D26637 /* InfoPlist.strings */ = {
			isa = PBXVariantGroup;
			children = (
				62B2287017EE582D007C452E /* en */,
				6221A9B417EEBFAB0078E2BF /* de */,
			);
			name = InfoPlist.strings;
			sourceTree = "<group>";
		};
/* End PBXVariantGroup section */

/* Begin XCBuildConfiguration section */
		62421E2417EE4FBF00676DA7 /* Debug */ = {
			isa = XCBuildConfiguration;
			buildSettings = {
			};
			name = Debug;
		};
		62421E2517EE4FBF00676DA7 /* Release */ = {
			isa = XCBuildConfiguration;
			buildSettings = {
			};
			name = Release;
		};
		62421EEF17EE518000676DA7 /* Debug */ = {
			isa = XCBuildConfiguration;
			buildSettings = {
				ALWAYS_SEARCH_USER_PATHS = NO;
				ARCHS = "$(ARCHS_STANDARD)";
				CLANG_CXX_LANGUAGE_STANDARD = "gnu++0x";
				CLANG_CXX_LIBRARY = "libc++";
				CLANG_ENABLE_MODULES = YES;
				CLANG_ENABLE_OBJC_ARC = YES;
				CLANG_WARN_BOOL_CONVERSION = YES;
				CLANG_WARN_CONSTANT_CONVERSION = YES;
				CLANG_WARN_DIRECT_OBJC_ISA_USAGE = YES_ERROR;
				CLANG_WARN_EMPTY_BODY = YES;
				CLANG_WARN_ENUM_CONVERSION = YES;
				CLANG_WARN_INT_CONVERSION = YES;
				CLANG_WARN_OBJC_ROOT_CLASS = YES_ERROR;
				CLANG_WARN__DUPLICATE_METHOD_MATCH = YES;
				COPY_PHASE_STRIP = NO;
				DSTROOT = /tmp/CocoaHelper_iOS.dst;
				GCC_C_LANGUAGE_STANDARD = gnu99;
				GCC_DYNAMIC_NO_PIC = NO;
				GCC_OPTIMIZATION_LEVEL = 0;
				GCC_PRECOMPILE_PREFIX_HEADER = YES;
				GCC_PREFIX_HEADER = "CocoaHelper/CocoaHelper-Prefix.pch";
				GCC_PREPROCESSOR_DEFINITIONS = (
					"DEBUG=1",
					"$(inherited)",
				);
				GCC_SYMBOLS_PRIVATE_EXTERN = NO;
				GCC_WARN_64_TO_32_BIT_CONVERSION = YES;
				GCC_WARN_ABOUT_RETURN_TYPE = YES_ERROR;
				GCC_WARN_UNDECLARED_SELECTOR = YES;
				GCC_WARN_UNINITIALIZED_AUTOS = YES;
				GCC_WARN_UNUSED_FUNCTION = YES;
				GCC_WARN_UNUSED_VARIABLE = YES;
				IPHONEOS_DEPLOYMENT_TARGET = 6.0;
				ONLY_ACTIVE_ARCH = YES;
				OTHER_LDFLAGS = "-ObjC";
				PRODUCT_NAME = CocoaHelper;
				SDKROOT = iphoneos;
				SKIP_INSTALL = YES;
			};
			name = Debug;
		};
		62421EF017EE518000676DA7 /* Release */ = {
			isa = XCBuildConfiguration;
			buildSettings = {
				ALWAYS_SEARCH_USER_PATHS = NO;
				ARCHS = "$(ARCHS_STANDARD)";
				CLANG_CXX_LANGUAGE_STANDARD = "gnu++0x";
				CLANG_CXX_LIBRARY = "libc++";
				CLANG_ENABLE_MODULES = YES;
				CLANG_ENABLE_OBJC_ARC = YES;
				CLANG_WARN_BOOL_CONVERSION = YES;
				CLANG_WARN_CONSTANT_CONVERSION = YES;
				CLANG_WARN_DIRECT_OBJC_ISA_USAGE = YES_ERROR;
				CLANG_WARN_EMPTY_BODY = YES;
				CLANG_WARN_ENUM_CONVERSION = YES;
				CLANG_WARN_INT_CONVERSION = YES;
				CLANG_WARN_OBJC_ROOT_CLASS = YES_ERROR;
				CLANG_WARN__DUPLICATE_METHOD_MATCH = YES;
				COPY_PHASE_STRIP = YES;
				DSTROOT = /tmp/CocoaHelper_iOS.dst;
				ENABLE_NS_ASSERTIONS = NO;
				GCC_C_LANGUAGE_STANDARD = gnu99;
				GCC_PRECOMPILE_PREFIX_HEADER = YES;
				GCC_PREFIX_HEADER = "CocoaHelper/CocoaHelper-Prefix.pch";
				GCC_WARN_64_TO_32_BIT_CONVERSION = YES;
				GCC_WARN_ABOUT_RETURN_TYPE = YES_ERROR;
				GCC_WARN_UNDECLARED_SELECTOR = YES;
				GCC_WARN_UNINITIALIZED_AUTOS = YES;
				GCC_WARN_UNUSED_FUNCTION = YES;
				GCC_WARN_UNUSED_VARIABLE = YES;
				IPHONEOS_DEPLOYMENT_TARGET = 6.0;
				OTHER_LDFLAGS = "-ObjC";
				PRODUCT_NAME = CocoaHelper;
				SDKROOT = iphoneos;
				SKIP_INSTALL = YES;
				VALIDATE_PRODUCT = YES;
			};
			name = Release;
		};
		62421EF217EE518000676DA7 /* Debug */ = {
			isa = XCBuildConfiguration;
			buildSettings = {
				ALWAYS_SEARCH_USER_PATHS = NO;
				ARCHS = "$(ARCHS_STANDARD_INCLUDING_64_BIT)";
				CLANG_CXX_LANGUAGE_STANDARD = "gnu++0x";
				CLANG_CXX_LIBRARY = "libc++";
				CLANG_ENABLE_MODULES = YES;
				CLANG_ENABLE_OBJC_ARC = YES;
				CLANG_WARN_BOOL_CONVERSION = YES;
				CLANG_WARN_CONSTANT_CONVERSION = YES;
				CLANG_WARN_DIRECT_OBJC_ISA_USAGE = YES_ERROR;
				CLANG_WARN_EMPTY_BODY = YES;
				CLANG_WARN_ENUM_CONVERSION = YES;
				CLANG_WARN_INT_CONVERSION = YES;
				CLANG_WARN_OBJC_ROOT_CLASS = YES_ERROR;
				CLANG_WARN__DUPLICATE_METHOD_MATCH = YES;
				COPY_PHASE_STRIP = NO;
				FRAMEWORK_SEARCH_PATHS = (
					"$(SDKROOT)/Developer/Library/Frameworks",
					"$(inherited)",
					"$(DEVELOPER_FRAMEWORKS_DIR)",
				);
				GCC_C_LANGUAGE_STANDARD = gnu99;
				GCC_DYNAMIC_NO_PIC = NO;
				GCC_OPTIMIZATION_LEVEL = 0;
				GCC_PRECOMPILE_PREFIX_HEADER = YES;
				GCC_PREFIX_HEADER = "CocoaHelper/CocoaHelper-Prefix.pch";
				GCC_PREPROCESSOR_DEFINITIONS = (
					"DEBUG=1",
					"$(inherited)",
				);
				GCC_SYMBOLS_PRIVATE_EXTERN = NO;
				GCC_WARN_64_TO_32_BIT_CONVERSION = YES;
				GCC_WARN_ABOUT_RETURN_TYPE = YES_ERROR;
				GCC_WARN_UNDECLARED_SELECTOR = YES;
				GCC_WARN_UNINITIALIZED_AUTOS = YES;
				GCC_WARN_UNUSED_FUNCTION = YES;
				GCC_WARN_UNUSED_VARIABLE = YES;
				INFOPLIST_FILE = "CocoaHelperTests/CocoaHelperTests-Info.plist";
				IPHONEOS_DEPLOYMENT_TARGET = 7.0;
				ONLY_ACTIVE_ARCH = YES;
				OTHER_LDFLAGS = (
					"$(inherited)",
					"-ObjC",
				);
				PRODUCT_NAME = "$(TARGET_NAME)";
				SDKROOT = iphoneos;
				WRAPPER_EXTENSION = xctest;
			};
			name = Debug;
		};
		62421EF317EE518000676DA7 /* Release */ = {
			isa = XCBuildConfiguration;
			buildSettings = {
				ALWAYS_SEARCH_USER_PATHS = NO;
				ARCHS = "$(ARCHS_STANDARD_INCLUDING_64_BIT)";
				CLANG_CXX_LANGUAGE_STANDARD = "gnu++0x";
				CLANG_CXX_LIBRARY = "libc++";
				CLANG_ENABLE_MODULES = YES;
				CLANG_ENABLE_OBJC_ARC = YES;
				CLANG_WARN_BOOL_CONVERSION = YES;
				CLANG_WARN_CONSTANT_CONVERSION = YES;
				CLANG_WARN_DIRECT_OBJC_ISA_USAGE = YES_ERROR;
				CLANG_WARN_EMPTY_BODY = YES;
				CLANG_WARN_ENUM_CONVERSION = YES;
				CLANG_WARN_INT_CONVERSION = YES;
				CLANG_WARN_OBJC_ROOT_CLASS = YES_ERROR;
				CLANG_WARN__DUPLICATE_METHOD_MATCH = YES;
				COPY_PHASE_STRIP = YES;
				ENABLE_NS_ASSERTIONS = NO;
				FRAMEWORK_SEARCH_PATHS = (
					"$(SDKROOT)/Developer/Library/Frameworks",
					"$(inherited)",
					"$(DEVELOPER_FRAMEWORKS_DIR)",
				);
				GCC_C_LANGUAGE_STANDARD = gnu99;
				GCC_PRECOMPILE_PREFIX_HEADER = YES;
				GCC_PREFIX_HEADER = "CocoaHelper/CocoaHelper-Prefix.pch";
				GCC_WARN_64_TO_32_BIT_CONVERSION = YES;
				GCC_WARN_ABOUT_RETURN_TYPE = YES_ERROR;
				GCC_WARN_UNDECLARED_SELECTOR = YES;
				GCC_WARN_UNINITIALIZED_AUTOS = YES;
				GCC_WARN_UNUSED_FUNCTION = YES;
				GCC_WARN_UNUSED_VARIABLE = YES;
				INFOPLIST_FILE = "CocoaHelperTests/CocoaHelperTests-Info.plist";
				IPHONEOS_DEPLOYMENT_TARGET = 7.0;
				OTHER_LDFLAGS = (
					"$(inherited)",
					"-ObjC",
				);
				PRODUCT_NAME = "$(TARGET_NAME)";
				SDKROOT = iphoneos;
				VALIDATE_PRODUCT = YES;
				WRAPPER_EXTENSION = xctest;
			};
			name = Release;
		};
		62421F1817EE519900676DA7 /* Debug */ = {
			isa = XCBuildConfiguration;
			buildSettings = {
				ALWAYS_SEARCH_USER_PATHS = NO;
				CLANG_CXX_LANGUAGE_STANDARD = "gnu++0x";
				CLANG_CXX_LIBRARY = "libc++";
				CLANG_ENABLE_OBJC_ARC = YES;
				CLANG_WARN_BOOL_CONVERSION = YES;
				CLANG_WARN_CONSTANT_CONVERSION = YES;
				CLANG_WARN_DIRECT_OBJC_ISA_USAGE = YES_ERROR;
				CLANG_WARN_EMPTY_BODY = YES;
				CLANG_WARN_ENUM_CONVERSION = YES;
				CLANG_WARN_INT_CONVERSION = YES;
				CLANG_WARN_OBJC_ROOT_CLASS = YES_ERROR;
				CLANG_WARN__DUPLICATE_METHOD_MATCH = YES;
				COMBINE_HIDPI_IMAGES = YES;
				COPY_PHASE_STRIP = NO;
				DYLIB_COMPATIBILITY_VERSION = 1;
				DYLIB_CURRENT_VERSION = 1;
				FRAMEWORK_VERSION = A;
				GCC_C_LANGUAGE_STANDARD = gnu99;
				GCC_DYNAMIC_NO_PIC = NO;
				GCC_ENABLE_OBJC_EXCEPTIONS = YES;
				GCC_OPTIMIZATION_LEVEL = 0;
				GCC_PRECOMPILE_PREFIX_HEADER = YES;
				GCC_PREFIX_HEADER = "CocoaHelper/CocoaHelper-Prefix.pch";
				GCC_PREPROCESSOR_DEFINITIONS = (
					"DEBUG=1",
					"$(inherited)",
				);
				GCC_SYMBOLS_PRIVATE_EXTERN = NO;
				GCC_WARN_64_TO_32_BIT_CONVERSION = YES;
				GCC_WARN_ABOUT_RETURN_TYPE = YES_ERROR;
				GCC_WARN_UNDECLARED_SELECTOR = YES;
				GCC_WARN_UNINITIALIZED_AUTOS = YES;
				GCC_WARN_UNUSED_FUNCTION = YES;
				GCC_WARN_UNUSED_VARIABLE = YES;
				INFOPLIST_FILE = "CocoaHelper/CocoaHelper-Info.plist";
				MACOSX_DEPLOYMENT_TARGET = 10.8;
				ONLY_ACTIVE_ARCH = YES;
				PRODUCT_NAME = CocoaHelper;
				SDKROOT = macosx;
				WRAPPER_EXTENSION = framework;
			};
			name = Debug;
		};
		62421F1917EE519900676DA7 /* Release */ = {
			isa = XCBuildConfiguration;
			buildSettings = {
				ALWAYS_SEARCH_USER_PATHS = NO;
				CLANG_CXX_LANGUAGE_STANDARD = "gnu++0x";
				CLANG_CXX_LIBRARY = "libc++";
				CLANG_ENABLE_OBJC_ARC = YES;
				CLANG_WARN_BOOL_CONVERSION = YES;
				CLANG_WARN_CONSTANT_CONVERSION = YES;
				CLANG_WARN_DIRECT_OBJC_ISA_USAGE = YES_ERROR;
				CLANG_WARN_EMPTY_BODY = YES;
				CLANG_WARN_ENUM_CONVERSION = YES;
				CLANG_WARN_INT_CONVERSION = YES;
				CLANG_WARN_OBJC_ROOT_CLASS = YES_ERROR;
				CLANG_WARN__DUPLICATE_METHOD_MATCH = YES;
				COMBINE_HIDPI_IMAGES = YES;
				COPY_PHASE_STRIP = YES;
				DEBUG_INFORMATION_FORMAT = "dwarf-with-dsym";
				DYLIB_COMPATIBILITY_VERSION = 1;
				DYLIB_CURRENT_VERSION = 1;
				ENABLE_NS_ASSERTIONS = NO;
				FRAMEWORK_VERSION = A;
				GCC_C_LANGUAGE_STANDARD = gnu99;
				GCC_ENABLE_OBJC_EXCEPTIONS = YES;
				GCC_PRECOMPILE_PREFIX_HEADER = YES;
				GCC_PREFIX_HEADER = "CocoaHelper/CocoaHelper-Prefix.pch";
				GCC_WARN_64_TO_32_BIT_CONVERSION = YES;
				GCC_WARN_ABOUT_RETURN_TYPE = YES_ERROR;
				GCC_WARN_UNDECLARED_SELECTOR = YES;
				GCC_WARN_UNINITIALIZED_AUTOS = YES;
				GCC_WARN_UNUSED_FUNCTION = YES;
				GCC_WARN_UNUSED_VARIABLE = YES;
				INFOPLIST_FILE = "CocoaHelper/CocoaHelper-Info.plist";
				MACOSX_DEPLOYMENT_TARGET = 10.8;
				PRODUCT_NAME = CocoaHelper;
				SDKROOT = macosx;
				WRAPPER_EXTENSION = framework;
			};
			name = Release;
		};
		62421F1B17EE519900676DA7 /* Debug */ = {
			isa = XCBuildConfiguration;
			buildSettings = {
				ALWAYS_SEARCH_USER_PATHS = NO;
				CLANG_CXX_LANGUAGE_STANDARD = "gnu++0x";
				CLANG_CXX_LIBRARY = "libc++";
				CLANG_ENABLE_OBJC_ARC = YES;
				CLANG_WARN_BOOL_CONVERSION = YES;
				CLANG_WARN_CONSTANT_CONVERSION = YES;
				CLANG_WARN_DIRECT_OBJC_ISA_USAGE = YES_ERROR;
				CLANG_WARN_EMPTY_BODY = YES;
				CLANG_WARN_ENUM_CONVERSION = YES;
				CLANG_WARN_INT_CONVERSION = YES;
				CLANG_WARN_OBJC_ROOT_CLASS = YES_ERROR;
				CLANG_WARN__DUPLICATE_METHOD_MATCH = YES;
				COMBINE_HIDPI_IMAGES = YES;
				COPY_PHASE_STRIP = NO;
				FRAMEWORK_SEARCH_PATHS = (
					"$(DEVELOPER_FRAMEWORKS_DIR)",
					"$(inherited)",
				);
				GCC_C_LANGUAGE_STANDARD = gnu99;
				GCC_DYNAMIC_NO_PIC = NO;
				GCC_ENABLE_OBJC_EXCEPTIONS = YES;
				GCC_OPTIMIZATION_LEVEL = 0;
				GCC_PRECOMPILE_PREFIX_HEADER = YES;
				GCC_PREFIX_HEADER = "CocoaHelper/CocoaHelper-Prefix.pch";
				GCC_PREPROCESSOR_DEFINITIONS = (
					"DEBUG=1",
					"$(inherited)",
				);
				GCC_SYMBOLS_PRIVATE_EXTERN = NO;
				GCC_WARN_64_TO_32_BIT_CONVERSION = YES;
				GCC_WARN_ABOUT_RETURN_TYPE = YES_ERROR;
				GCC_WARN_UNDECLARED_SELECTOR = YES;
				GCC_WARN_UNINITIALIZED_AUTOS = YES;
				GCC_WARN_UNUSED_FUNCTION = YES;
				GCC_WARN_UNUSED_VARIABLE = YES;
				INFOPLIST_FILE = "CocoaHelperTests/CocoaHelperTests-Info.plist";
				MACOSX_DEPLOYMENT_TARGET = 10.8;
				ONLY_ACTIVE_ARCH = YES;
				PRODUCT_NAME = "$(TARGET_NAME)";
				SDKROOT = macosx;
				WRAPPER_EXTENSION = xctest;
			};
			name = Debug;
		};
		62421F1C17EE519900676DA7 /* Release */ = {
			isa = XCBuildConfiguration;
			buildSettings = {
				ALWAYS_SEARCH_USER_PATHS = NO;
				CLANG_CXX_LANGUAGE_STANDARD = "gnu++0x";
				CLANG_CXX_LIBRARY = "libc++";
				CLANG_ENABLE_OBJC_ARC = YES;
				CLANG_WARN_BOOL_CONVERSION = YES;
				CLANG_WARN_CONSTANT_CONVERSION = YES;
				CLANG_WARN_DIRECT_OBJC_ISA_USAGE = YES_ERROR;
				CLANG_WARN_EMPTY_BODY = YES;
				CLANG_WARN_ENUM_CONVERSION = YES;
				CLANG_WARN_INT_CONVERSION = YES;
				CLANG_WARN_OBJC_ROOT_CLASS = YES_ERROR;
				CLANG_WARN__DUPLICATE_METHOD_MATCH = YES;
				COMBINE_HIDPI_IMAGES = YES;
				COPY_PHASE_STRIP = YES;
				DEBUG_INFORMATION_FORMAT = "dwarf-with-dsym";
				ENABLE_NS_ASSERTIONS = NO;
				FRAMEWORK_SEARCH_PATHS = (
					"$(DEVELOPER_FRAMEWORKS_DIR)",
					"$(inherited)",
				);
				GCC_C_LANGUAGE_STANDARD = gnu99;
				GCC_ENABLE_OBJC_EXCEPTIONS = YES;
				GCC_PRECOMPILE_PREFIX_HEADER = YES;
				GCC_PREFIX_HEADER = "CocoaHelper/CocoaHelper-Prefix.pch";
				GCC_WARN_64_TO_32_BIT_CONVERSION = YES;
				GCC_WARN_ABOUT_RETURN_TYPE = YES_ERROR;
				GCC_WARN_UNDECLARED_SELECTOR = YES;
				GCC_WARN_UNINITIALIZED_AUTOS = YES;
				GCC_WARN_UNUSED_FUNCTION = YES;
				GCC_WARN_UNUSED_VARIABLE = YES;
				INFOPLIST_FILE = "CocoaHelperTests/CocoaHelperTests-Info.plist";
				MACOSX_DEPLOYMENT_TARGET = 10.8;
				PRODUCT_NAME = "$(TARGET_NAME)";
				SDKROOT = macosx;
				WRAPPER_EXTENSION = xctest;
			};
			name = Release;
		};
/* End XCBuildConfiguration section */

/* Begin XCConfigurationList section */
		62421E2317EE4FBF00676DA7 /* Build configuration list for PBXProject "CocoaHelper" */ = {
			isa = XCConfigurationList;
			buildConfigurations = (
				62421E2417EE4FBF00676DA7 /* Debug */,
				62421E2517EE4FBF00676DA7 /* Release */,
			);
			defaultConfigurationIsVisible = 0;
			defaultConfigurationName = Release;
		};
		62421EEE17EE518000676DA7 /* Build configuration list for PBXNativeTarget "CocoaHelper iOS" */ = {
			isa = XCConfigurationList;
			buildConfigurations = (
				62421EEF17EE518000676DA7 /* Debug */,
				62421EF017EE518000676DA7 /* Release */,
			);
			defaultConfigurationIsVisible = 0;
			defaultConfigurationName = Release;
		};
		62421EF117EE518000676DA7 /* Build configuration list for PBXNativeTarget "CocoaHelper iOS Tests" */ = {
			isa = XCConfigurationList;
			buildConfigurations = (
				62421EF217EE518000676DA7 /* Debug */,
				62421EF317EE518000676DA7 /* Release */,
			);
			defaultConfigurationIsVisible = 0;
			defaultConfigurationName = Release;
		};
		62421F1717EE519900676DA7 /* Build configuration list for PBXNativeTarget "CocoaHelper Mac" */ = {
			isa = XCConfigurationList;
			buildConfigurations = (
				62421F1817EE519900676DA7 /* Debug */,
				62421F1917EE519900676DA7 /* Release */,
			);
			defaultConfigurationIsVisible = 0;
			defaultConfigurationName = Release;
		};
		62421F1A17EE519900676DA7 /* Build configuration list for PBXNativeTarget "CocoaHelper Mac Tests" */ = {
			isa = XCConfigurationList;
			buildConfigurations = (
				62421F1B17EE519900676DA7 /* Debug */,
				62421F1C17EE519900676DA7 /* Release */,
			);
			defaultConfigurationIsVisible = 0;
			defaultConfigurationName = Release;
		};
/* End XCConfigurationList section */
	};
	rootObject = 62421E2017EE4FBF00676DA7 /* Project object */;
}
